PODS:
  - DBPrefsWindowController (0.0.1)
  - HexColors (4.0.0)
  - ShortcutRecorder (2.17):
    - ShortcutRecorder/Core (= 2.17)
    - ShortcutRecorder/PTHotKey (= 2.17)
  - ShortcutRecorder/Core (2.17)
  - ShortcutRecorder/PTHotKey (2.17):
    - ShortcutRecorder/Core
  - Sparkle (1.21.2)

DEPENDENCIES:
  - DBPrefsWindowController
  - HexColors (~> 4.0)
  - ShortcutRecorder (from `https://github.com/Kentzo/ShortcutRecorder`, branch `master`)
  - Sparkle

SPEC REPOS:
  https://mirrors.tuna.tsinghua.edu.cn/git/CocoaPods/Specs.git:
    - DBPrefsWindowController
    - HexColors
    - Sparkle

EXTERNAL SOURCES:
  ShortcutRecorder:
    :branch: master
    :git: https://github.com/Kentzo/ShortcutRecorder

CHECKOUT OPTIONS:
  ShortcutRecorder:
    :commit: c978ce9bb482c31acfabe23baa2b075808a1fdd8
    :git: https://github.com/Kentzo/ShortcutRecorder

SPEC CHECKSUMS:
  DBPrefsWindowController: ce0fe8de832c6931302736de5d938e98d2fd59ed
  HexColors: 5f95843ef89aff6a72e1fd3a8ebabf205cc43379
  ShortcutRecorder: c0e1ae0e97917925feab04e8817d2be6ef1b0548
  Sparkle: 1678d4707e7665960c7d1b43aca125e6392d11c4

PODFILE CHECKSUM: 9fb18018d88e3516dae4fff2fabaee268da43727

COCOAPODS: 1.5.3
