PODS:
  - ShortcutRecorder (3.3.0)
  - Sparkle (1.27.0)

DEPENDENCIES:
  - ShortcutRecorder (from `https://github.com/Kentzo/ShortcutRecorder`, branch `master`)
  - Sparkle

SPEC REPOS:
  trunk:
    - Sparkle

EXTERNAL SOURCES:
  ShortcutRecorder:
    :branch: master
    :git: https://github.com/Kentzo/ShortcutRecorder

CHECKOUT OPTIONS:
  ShortcutRecorder:
    :commit: 07b065085e172d85b7b5a0f3cc05f6ed47ad5af1
    :git: https://github.com/Kentzo/ShortcutRecorder

SPEC CHECKSUMS:
  ShortcutRecorder: 49b4c7f615133f02d0b23f91edfca9046ec0e1b3
  Sparkle: e1245ce5ba951c60183444a13a2c7d227778205d

PODFILE CHECKSUM: dda32dcb39efd9b6c56165ecde0aeebfa2ade81d

COCOAPODS: 1.11.2
