// !$*UTF8*$!
{
	archiveVersion = 1;
	classes = {
	};
	objectVersion = 46;
	objects = {

/* Begin PBXBuildFile section */
		B75BA4A81A836DDE004669EC /* LuaHandler.h in Headers */ = {isa = PBXBuildFile; fileRef = B75BA4A71A836DDE004669EC /* LuaHandler.h */; };
		B75BA4AA1A836DDE004669EC /* LuaHandler.m in Sources */ = {isa = PBXBuildFile; fileRef = B75BA4A91A836DDE004669EC /* LuaHandler.m */; };
		B75BA4B01A836DDE004669EC /* libLuaHandler.dylib in Frameworks */ = {isa = PBXBuildFile; fileRef = B75BA4A41A836DDE004669EC /* libLuaHandler.dylib */; };
/* End PBXBuildFile section */

/* Begin PBXContainerItemProxy section */
		B75BA4B11A836DDE004669EC /* PBXContainerItemProxy */ = {
			isa = PBXContainerItemProxy;
			containerPortal = B75BA49C1A836DDE004669EC /* Project object */;
			proxyType = 1;
			remoteGlobalIDString = B75BA4A31A836DDE004669EC;
			remoteInfo = LuaHandler;
		};
/* End PBXContainerItemProxy section */

/* Begin PBXFileReference section */
		B75BA4A41A836DDE004669EC /* libLuaHandler.dylib */ = {isa = PBXFileReference; explicitFileType = "compiled.mach-o.dylib"; includeInIndex = 0; path = libLuaHandler.dylib; sourceTree = BUILT_PRODUCTS_DIR; };
		B75BA4A71A836DDE004669EC /* LuaHandler.h */ = {isa = PBXFileReference; lastKnownFileType = sourcecode.c.h; path = LuaHandler.h; sourceTree = "<group>"; };
		B75BA4A91A836DDE004669EC /* LuaHandler.m */ = {isa = PBXFileReference; lastKnownFileType = sourcecode.c.objc; path = LuaHandler.m; sourceTree = "<group>"; };
		B75BA4AF1A836DDE004669EC /* LuaHandlerTests.xctest */ = {isa = PBXFileReference; explicitFileType = wrapper.cfbundle; includeInIndex = 0; path = LuaHandlerTests.xctest; sourceTree = BUILT_PRODUCTS_DIR; };
		B75BA4B51A836DDE004669EC /* Info.plist */ = {isa = PBXFileReference; lastKnownFileType = text.plist.xml; path = Info.plist; sourceTree = "<group>"; };
/* End PBXFileReference section */

/* Begin PBXFrameworksBuildPhase section */
		B75BA4A11A836DDE004669EC /* Frameworks */ = {
			isa = PBXFrameworksBuildPhase;
			buildActionMask = 2147483647;
			files = (
			);
			runOnlyForDeploymentPostprocessing = 0;
		};
		B75BA4AC1A836DDE004669EC /* Frameworks */ = {
			isa = PBXFrameworksBuildPhase;
			buildActionMask = 2147483647;
			files = (
				B75BA4B01A836DDE004669EC /* libLuaHandler.dylib in Frameworks */,
			);
			runOnlyForDeploymentPostprocessing = 0;
		};
/* End PBXFrameworksBuildPhase section */

/* Begin PBXGroup section */
		B75BA49B1A836DDE004669EC = {
			isa = PBXGroup;
			children = (
				B75BA4A61A836DDE004669EC /* LuaHandler */,
				B75BA4B31A836DDE004669EC /* LuaHandlerTests */,
				B75BA4A51A836DDE004669EC /* Products */,
			);
			sourceTree = "<group>";
		};
		B75BA4A51A836DDE004669EC /* Products */ = {
			isa = PBXGroup;
			children = (
				B75BA4A41A836DDE004669EC /* libLuaHandler.dylib */,
				B75BA4AF1A836DDE004669EC /* LuaHandlerTests.xctest */,
			);
			name = Products;
			sourceTree = "<group>";
		};
		B75BA4A61A836DDE004669EC /* LuaHandler */ = {
			isa = PBXGroup;
			children = (
				B75BA4A71A836DDE004669EC /* LuaHandler.h */,
				B75BA4A91A836DDE004669EC /* LuaHandler.m */,
			);
			path = LuaHandler;
			sourceTree = "<group>";
		};
		B75BA4B31A836DDE004669EC /* LuaHandlerTests */ = {
			isa = PBXGroup;
			children = (
				B75BA4B41A836DDE004669EC /* Supporting Files */,
			);
			path = LuaHandlerTests;
			sourceTree = "<group>";
		};
		B75BA4B41A836DDE004669EC /* Supporting Files */ = {
			isa = PBXGroup;
			children = (
				B75BA4B51A836DDE004669EC /* Info.plist */,
			);
			name = "Supporting Files";
			sourceTree = "<group>";
		};
/* End PBXGroup section */

/* Begin PBXHeadersBuildPhase section */
		B75BA4A21A836DDE004669EC /* Headers */ = {
			isa = PBXHeadersBuildPhase;
			buildActionMask = 2147483647;
			files = (
				B75BA4A81A836DDE004669EC /* LuaHandler.h in Headers */,
			);
			runOnlyForDeploymentPostprocessing = 0;
		};
/* End PBXHeadersBuildPhase section */

/* Begin PBXNativeTarget section */
		B75BA4A31A836DDE004669EC /* LuaHandler */ = {
			isa = PBXNativeTarget;
			buildConfigurationList = B75BA4B81A836DDE004669EC /* Build configuration list for PBXNativeTarget "LuaHandler" */;
			buildPhases = (
				B75BA4A01A836DDE004669EC /* Sources */,
				B75BA4A11A836DDE004669EC /* Frameworks */,
				B75BA4A21A836DDE004669EC /* Headers */,
			);
			buildRules = (
			);
			dependencies = (
			);
			name = LuaHandler;
			productName = LuaHandler;
			productReference = B75BA4A41A836DDE004669EC /* libLuaHandler.dylib */;
			productType = "com.apple.product-type.library.dynamic";
		};
		B75BA4AE1A836DDE004669EC /* LuaHandlerTests */ = {
			isa = PBXNativeTarget;
			buildConfigurationList = B75BA4BB1A836DDE004669EC /* Build configuration list for PBXNativeTarget "LuaHandlerTests" */;
			buildPhases = (
				B75BA4AB1A836DDE004669EC /* Sources */,
				B75BA4AC1A836DDE004669EC /* Frameworks */,
				B75BA4AD1A836DDE004669EC /* Resources */,
			);
			buildRules = (
			);
			dependencies = (
				B75BA4B21A836DDE004669EC /* PBXTargetDependency */,
			);
			name = LuaHandlerTests;
			productName = LuaHandlerTests;
			productReference = B75BA4AF1A836DDE004669EC /* LuaHandlerTests.xctest */;
			productType = "com.apple.product-type.bundle.unit-test";
		};
/* End PBXNativeTarget section */

/* Begin PBXProject section */
		B75BA49C1A836DDE004669EC /* Project object */ = {
			isa = PBXProject;
			attributes = {
				LastUpgradeCheck = 0610;
				ORGANIZATIONNAME = falling;
				TargetAttributes = {
					B75BA4A31A836DDE004669EC = {
						CreatedOnToolsVersion = 6.1.1;
					};
					B75BA4AE1A836DDE004669EC = {
						CreatedOnToolsVersion = 6.1.1;
					};
				};
			};
			buildConfigurationList = B75BA49F1A836DDE004669EC /* Build configuration list for PBXProject "LuaHandler" */;
			compatibilityVersion = "Xcode 3.2";
			developmentRegion = English;
			hasScannedForEncodings = 0;
			knownRegions = (
				en,
			);
			mainGroup = B75BA49B1A836DDE004669EC;
			productRefGroup = B75BA4A51A836DDE004669EC /* Products */;
			projectDirPath = "";
			projectRoot = "";
			targets = (
				B75BA4A31A836DDE004669EC /* LuaHandler */,
				B75BA4AE1A836DDE004669EC /* LuaHandlerTests */,
			);
		};
/* End PBXProject section */

/* Begin PBXResourcesBuildPhase section */
		B75BA4AD1A836DDE004669EC /* Resources */ = {
			isa = PBXResourcesBuildPhase;
			buildActionMask = 2147483647;
			files = (
			);
			runOnlyForDeploymentPostprocessing = 0;
		};
/* End PBXResourcesBuildPhase section */

/* Begin PBXSourcesBuildPhase section */
		B75BA4A01A836DDE004669EC /* Sources */ = {
			isa = PBXSourcesBuildPhase;
			buildActionMask = 2147483647;
			files = (
				B75BA4AA1A836DDE004669EC /* LuaHandler.m in Sources */,
			);
			runOnlyForDeploymentPostprocessing = 0;
		};
		B75BA4AB1A836DDE004669EC /* Sources */ = {
			isa = PBXSourcesBuildPhase;
			buildActionMask = 2147483647;
			files = (
			);
			runOnlyForDeploymentPostprocessing = 0;
		};
/* End PBXSourcesBuildPhase section */

/* Begin PBXTargetDependency section */
		B75BA4B21A836DDE004669EC /* PBXTargetDependency */ = {
			isa = PBXTargetDependency;
			target = B75BA4A31A836DDE004669EC /* LuaHandler */;
			targetProxy = B75BA4B11A836DDE004669EC /* PBXContainerItemProxy */;
		};
/* End PBXTargetDependency section */

/* Begin XCBuildConfiguration section */
		B75BA4B61A836DDE004669EC /* Debug */ = {
			isa = XCBuildConfiguration;
			buildSettings = {
				ALWAYS_SEARCH_USER_PATHS = NO;
				CLANG_CXX_LANGUAGE_STANDARD = "gnu++0x";
				CLANG_CXX_LIBRARY = "libc++";
				CLANG_ENABLE_MODULES = YES;
				CLANG_ENABLE_OBJC_ARC = YES;
				CLANG_WARN_BOOL_CONVERSION = YES;
				CLANG_WARN_CONSTANT_CONVERSION = YES;
				CLANG_WARN_DIRECT_OBJC_ISA_USAGE = YES_ERROR;
				CLANG_WARN_EMPTY_BODY = YES;
				CLANG_WARN_ENUM_CONVERSION = YES;
				CLANG_WARN_INT_CONVERSION = YES;
				CLANG_WARN_OBJC_ROOT_CLASS = YES_ERROR;
				CLANG_WARN_UNREACHABLE_CODE = YES;
				CLANG_WARN__DUPLICATE_METHOD_MATCH = YES;
				COPY_PHASE_STRIP = NO;
				ENABLE_STRICT_OBJC_MSGSEND = YES;
				GCC_C_LANGUAGE_STANDARD = gnu99;
				GCC_DYNAMIC_NO_PIC = NO;
				GCC_OPTIMIZATION_LEVEL = 0;
				GCC_PREPROCESSOR_DEFINITIONS = (
					"DEBUG=1",
					"$(inherited)",
				);
				GCC_SYMBOLS_PRIVATE_EXTERN = NO;
				GCC_WARN_64_TO_32_BIT_CONVERSION = YES;
				GCC_WARN_ABOUT_RETURN_TYPE = YES_ERROR;
				GCC_WARN_UNDECLARED_SELECTOR = YES;
				GCC_WARN_UNINITIALIZED_AUTOS = YES_AGGRESSIVE;
				GCC_WARN_UNUSED_FUNCTION = YES;
				GCC_WARN_UNUSED_VARIABLE = YES;
				MACOSX_DEPLOYMENT_TARGET = 10.10;
				MTL_ENABLE_DEBUG_INFO = YES;
				ONLY_ACTIVE_ARCH = YES;
				SDKROOT = macosx;
			};
			name = Debug;
		};
		B75BA4B71A836DDE004669EC /* Release */ = {
			isa = XCBuildConfiguration;
			buildSettings = {
				ALWAYS_SEARCH_USER_PATHS = NO;
				CLANG_CXX_LANGUAGE_STANDARD = "gnu++0x";
				CLANG_CXX_LIBRARY = "libc++";
				CLANG_ENABLE_MODULES = YES;
				CLANG_ENABLE_OBJC_ARC = YES;
				CLANG_WARN_BOOL_CONVERSION = YES;
				CLANG_WARN_CONSTANT_CONVERSION = YES;
				CLANG_WARN_DIRECT_OBJC_ISA_USAGE = YES_ERROR;
				CLANG_WARN_EMPTY_BODY = YES;
				CLANG_WARN_ENUM_CONVERSION = YES;
				CLANG_WARN_INT_CONVERSION = YES;
				CLANG_WARN_OBJC_ROOT_CLASS = YES_ERROR;
				CLANG_WARN_UNREACHABLE_CODE = YES;
				CLANG_WARN__DUPLICATE_METHOD_MATCH = YES;
				COPY_PHASE_STRIP = YES;
				DEBUG_INFORMATION_FORMAT = "dwarf-with-dsym";
				ENABLE_NS_ASSERTIONS = NO;
				ENABLE_STRICT_OBJC_MSGSEND = YES;
				GCC_C_LANGUAGE_STANDARD = gnu99;
				GCC_WARN_64_TO_32_BIT_CONVERSION = YES;
				GCC_WARN_ABOUT_RETURN_TYPE = YES_ERROR;
				GCC_WARN_UNDECLARED_SELECTOR = YES;
				GCC_WARN_UNINITIALIZED_AUTOS = YES_AGGRESSIVE;
				GCC_WARN_UNUSED_FUNCTION = YES;
				GCC_WARN_UNUSED_VARIABLE = YES;
				MACOSX_DEPLOYMENT_TARGET = 10.10;
				MTL_ENABLE_DEBUG_INFO = NO;
				SDKROOT = macosx;
			};
			name = Release;
		};
		B75BA4B91A836DDE004669EC /* Debug */ = {
			isa = XCBuildConfiguration;
			buildSettings = {
				DYLIB_COMPATIBILITY_VERSION = 1;
				DYLIB_CURRENT_VERSION = 1;
				EXECUTABLE_PREFIX = lib;
				PRODUCT_NAME = "$(TARGET_NAME)";
			};
			name = Debug;
		};
		B75BA4BA1A836DDE004669EC /* Release */ = {
			isa = XCBuildConfiguration;
			buildSettings = {
				DYLIB_COMPATIBILITY_VERSION = 1;
				DYLIB_CURRENT_VERSION = 1;
				EXECUTABLE_PREFIX = lib;
				PRODUCT_NAME = "$(TARGET_NAME)";
			};
			name = Release;
		};
		B75BA4BC1A836DDE004669EC /* Debug */ = {
			isa = XCBuildConfiguration;
			buildSettings = {
				COMBINE_HIDPI_IMAGES = YES;
				FRAMEWORK_SEARCH_PATHS = (
					"$(DEVELOPER_FRAMEWORKS_DIR)",
					"$(inherited)",
				);
				GCC_PREPROCESSOR_DEFINITIONS = (
					"DEBUG=1",
					"$(inherited)",
				);
				INFOPLIST_FILE = LuaHandlerTests/Info.plist;
				LD_RUNPATH_SEARCH_PATHS = "$(inherited) @executable_path/../Frameworks @loader_path/../Frameworks";
				PRODUCT_NAME = "$(TARGET_NAME)";
			};
			name = Debug;
		};
		B75BA4BD1A836DDE004669EC /* Release */ = {
			isa = XCBuildConfiguration;
			buildSettings = {
				COMBINE_HIDPI_IMAGES = YES;
				FRAMEWORK_SEARCH_PATHS = (
					"$(DEVELOPER_FRAMEWORKS_DIR)",
					"$(inherited)",
				);
				INFOPLIST_FILE = LuaHandlerTests/Info.plist;
				LD_RUNPATH_SEARCH_PATHS = "$(inherited) @executable_path/../Frameworks @loader_path/../Frameworks";
				PRODUCT_NAME = "$(TARGET_NAME)";
			};
			name = Release;
		};
/* End XCBuildConfiguration section */

/* Begin XCConfigurationList section */
		B75BA49F1A836DDE004669EC /* Build configuration list for PBXProject "LuaHandler" */ = {
			isa = XCConfigurationList;
			buildConfigurations = (
				B75BA4B61A836DDE004669EC /* Debug */,
				B75BA4B71A836DDE004669EC /* Release */,
			);
			defaultConfigurationIsVisible = 0;
			defaultConfigurationName = Release;
		};
		B75BA4B81A836DDE004669EC /* Build configuration list for PBXNativeTarget "LuaHandler" */ = {
			isa = XCConfigurationList;
			buildConfigurations = (
				B75BA4B91A836DDE004669EC /* Debug */,
				B75BA4BA1A836DDE004669EC /* Release */,
			);
			defaultConfigurationIsVisible = 0;
		};
		B75BA4BB1A836DDE004669EC /* Build configuration list for PBXNativeTarget "LuaHandlerTests" */ = {
			isa = XCConfigurationList;
			buildConfigurations = (
				B75BA4BC1A836DDE004669EC /* Debug */,
				B75BA4BD1A836DDE004669EC /* Release */,
			);
			defaultConfigurationIsVisible = 0;
		};
/* End XCConfigurationList section */
	};
	rootObject = B75BA49C1A836DDE004669EC /* Project object */;
}
