// !$*UTF8*$!
{
	archiveVersion = 1;
	classes = {
	};
	objectVersion = 46;
	objects = {

/* Begin PBXBuildFile section */
		75019787148395DF00C7B661 /* AppDelegate.m in Sources */ = {isa = PBXBuildFile; fileRef = 7501977D148395DF00C7B661 /* AppDelegate.m */; };
		75019788148395DF00C7B661 /* MenuController.m in Sources */ = {isa = PBXBuildFile; fileRef = 7501977E148395DF00C7B661 /* MenuController.m */; };
		75019789148395DF00C7B661 /* CanvasView.m in Sources */ = {isa = PBXBuildFile; fileRef = 75019782148395DF00C7B661 /* CanvasView.m */; };
		7501978A148395DF00C7B661 /* CanvasWindowController.m in Sources */ = {isa = PBXBuildFile; fileRef = 75019784148395DF00C7B661 /* CanvasWindowController.m */; };
		7501978B148395DF00C7B661 /* CanvasWindow.m in Sources */ = {isa = PBXBuildFile; fileRef = 75019785148395DF00C7B661 /* CanvasWindow.m */; };
		75E082DE1476BC7C00A459E5 /* Cocoa.framework in Frameworks */ = {isa = PBXBuildFile; fileRef = 75E082DD1476BC7C00A459E5 /* Cocoa.framework */; };
		75E082EA1476BC7C00A459E5 /* main.m in Sources */ = {isa = PBXBuildFile; fileRef = 75E082E91476BC7C00A459E5 /* main.m */; };
		B75BA45E1A835BC4004669EC /* MainMenu.xib in Resources */ = {isa = PBXBuildFile; fileRef = 75975C2D147D24C5001D3B77 /* MainMenu.xib */; };
		B78ACC631A83A5810011F8F4 /* utils.lua in Resources */ = {isa = PBXBuildFile; fileRef = B78ACC5E1A83A5810011F8F4 /* utils.lua */; };
		B78ACC641A83A5810011F8F4 /* handle.lua in Resources */ = {isa = PBXBuildFile; fileRef = B78ACC5F1A83A5810011F8F4 /* handle.lua */; };
		B78ACC651A83A5810011F8F4 /* LibHandle.m in Sources */ = {isa = PBXBuildFile; fileRef = B78ACC611A83A5810011F8F4 /* LibHandle.m */; };
		B78ACC6A1A83B99B0011F8F4 /* LibHandle.dylib in Resources */ = {isa = PBXBuildFile; fileRef = B78ACC461A8378A60011F8F4 /* LibHandle.dylib */; };
		B7AC66791A8A0B6600356F9D /* liblua.5.2.3.dylib in CopyFiles */ = {isa = PBXBuildFile; fileRef = B7AC66781A8A0B6600356F9D /* liblua.5.2.3.dylib */; };
		B7C2F7511AAE7C7F000DD114 /* enable_darkmode.png in Resources */ = {isa = PBXBuildFile; fileRef = B7C2F7501AAE7C7F000DD114 /* enable_darkmode.png */; };
		B7C2F7541AAE7CDA000DD114 /* disable_darkmode.png in Resources */ = {isa = PBXBuildFile; fileRef = B7C2F7531AAE7CDA000DD114 /* disable_darkmode.png */; };
		B7D7715D1A8114D60059B0CB /* README.md in Sources */ = {isa = PBXBuildFile; fileRef = B7D7715C1A8114D60059B0CB /* README.md */; };
		B7D7715F1A81151B0059B0CB /* disable.png in Resources */ = {isa = PBXBuildFile; fileRef = 75975C2F147D250A001D3B77 /* disable.png */; };
		B7D771601A81151F0059B0CB /* enable.png in Resources */ = {isa = PBXBuildFile; fileRef = 75975C30147D250A001D3B77 /* enable.png */; };
		B7D771611A8115230059B0CB /* highlight.png in Resources */ = {isa = PBXBuildFile; fileRef = 75975C31147D250A001D3B77 /* highlight.png */; };
/* End PBXBuildFile section */

/* Begin PBXContainerItemProxy section */
		B78ACC3A1A8377D40011F8F4 /* PBXContainerItemProxy */ = {
			isa = PBXContainerItemProxy;
			containerPortal = B78ACC351A8377D30011F8F4 /* LibHandle.xcodeproj */;
			proxyType = 2;
			remoteGlobalIDString = B78ACC1B1A8377D30011F8F4;
			remoteInfo = LibHandle;
		};
		B78ACC3C1A8377D40011F8F4 /* PBXContainerItemProxy */ = {
			isa = PBXContainerItemProxy;
			containerPortal = B78ACC351A8377D30011F8F4 /* LibHandle.xcodeproj */;
			proxyType = 2;
			remoteGlobalIDString = B78ACC261A8377D30011F8F4;
			remoteInfo = LibHandleTests;
		};
		B78ACC441A83784C0011F8F4 /* PBXContainerItemProxy */ = {
			isa = PBXContainerItemProxy;
			containerPortal = B78ACC351A8377D30011F8F4 /* LibHandle.xcodeproj */;
			proxyType = 1;
			remoteGlobalIDString = B78ACC1A1A8377D30011F8F4;
			remoteInfo = LibHandle;
		};
/* End PBXContainerItemProxy section */

/* Begin PBXCopyFilesBuildPhase section */
		B7AC66761A8A0B5300356F9D /* CopyFiles */ = {
			isa = PBXCopyFilesBuildPhase;
			buildActionMask = 12;
			dstPath = "";
			dstSubfolderSpec = 10;
			files = (
				B7AC66791A8A0B6600356F9D /* liblua.5.2.3.dylib in CopyFiles */,
			);
			runOnlyForDeploymentPostprocessing = 0;
		};
/* End PBXCopyFilesBuildPhase section */

/* Begin PBXFileReference section */
		7501977D148395DF00C7B661 /* AppDelegate.m */ = {isa = PBXFileReference; fileEncoding = 4; lastKnownFileType = sourcecode.c.objc; path = AppDelegate.m; sourceTree = "<group>"; };
		7501977E148395DF00C7B661 /* MenuController.m */ = {isa = PBXFileReference; fileEncoding = 4; lastKnownFileType = sourcecode.c.objc; path = MenuController.m; sourceTree = "<group>"; };
		7501977F148395DF00C7B661 /* MenuController.h */ = {isa = PBXFileReference; fileEncoding = 4; lastKnownFileType = sourcecode.c.h; path = MenuController.h; sourceTree = "<group>"; };
		75019780148395DF00C7B661 /* AppDelegate.h */ = {isa = PBXFileReference; fileEncoding = 4; lastKnownFileType = sourcecode.c.h; path = AppDelegate.h; sourceTree = "<group>"; };
		75019781148395DF00C7B661 /* CanvasView.h */ = {isa = PBXFileReference; fileEncoding = 4; lastKnownFileType = sourcecode.c.h; path = CanvasView.h; sourceTree = "<group>"; };
		75019782148395DF00C7B661 /* CanvasView.m */ = {isa = PBXFileReference; fileEncoding = 4; lastKnownFileType = sourcecode.c.objc; path = CanvasView.m; sourceTree = "<group>"; };
		75019783148395DF00C7B661 /* CanvasWindowController.h */ = {isa = PBXFileReference; fileEncoding = 4; lastKnownFileType = sourcecode.c.h; path = CanvasWindowController.h; sourceTree = "<group>"; };
		75019784148395DF00C7B661 /* CanvasWindowController.m */ = {isa = PBXFileReference; fileEncoding = 4; lastKnownFileType = sourcecode.c.objc; path = CanvasWindowController.m; sourceTree = "<group>"; };
		75019785148395DF00C7B661 /* CanvasWindow.m */ = {isa = PBXFileReference; fileEncoding = 4; lastKnownFileType = sourcecode.c.objc; path = CanvasWindow.m; sourceTree = "<group>"; };
		75019786148395DF00C7B661 /* CanvasWindow.h */ = {isa = PBXFileReference; fileEncoding = 4; lastKnownFileType = sourcecode.c.h; path = CanvasWindow.h; sourceTree = "<group>"; };
		75975C2D147D24C5001D3B77 /* MainMenu.xib */ = {isa = PBXFileReference; fileEncoding = 4; lastKnownFileType = file.xib; path = MainMenu.xib; sourceTree = "<group>"; };
		75975C2F147D250A001D3B77 /* disable.png */ = {isa = PBXFileReference; lastKnownFileType = image.png; path = disable.png; sourceTree = "<group>"; };
		75975C30147D250A001D3B77 /* enable.png */ = {isa = PBXFileReference; lastKnownFileType = image.png; path = enable.png; sourceTree = "<group>"; };
		75975C31147D250A001D3B77 /* highlight.png */ = {isa = PBXFileReference; lastKnownFileType = image.png; path = highlight.png; sourceTree = "<group>"; };
		75E082D91476BC7C00A459E5 /* MacGesture.app */ = {isa = PBXFileReference; explicitFileType = wrapper.application; includeInIndex = 0; path = MacGesture.app; sourceTree = BUILT_PRODUCTS_DIR; };
		75E082DD1476BC7C00A459E5 /* Cocoa.framework */ = {isa = PBXFileReference; lastKnownFileType = wrapper.framework; name = Cocoa.framework; path = System/Library/Frameworks/Cocoa.framework; sourceTree = SDKROOT; };
		75E082E01476BC7C00A459E5 /* AppKit.framework */ = {isa = PBXFileReference; lastKnownFileType = wrapper.framework; name = AppKit.framework; path = System/Library/Frameworks/AppKit.framework; sourceTree = SDKROOT; };
		75E082E11476BC7C00A459E5 /* CoreData.framework */ = {isa = PBXFileReference; lastKnownFileType = wrapper.framework; name = CoreData.framework; path = System/Library/Frameworks/CoreData.framework; sourceTree = SDKROOT; };
		75E082E21476BC7C00A459E5 /* Foundation.framework */ = {isa = PBXFileReference; lastKnownFileType = wrapper.framework; name = Foundation.framework; path = System/Library/Frameworks/Foundation.framework; sourceTree = SDKROOT; };
		75E082E51476BC7C00A459E5 /* MacGesture-Info.plist */ = {isa = PBXFileReference; lastKnownFileType = text.plist.xml; path = "MacGesture-Info.plist"; sourceTree = "<group>"; };
		75E082E91476BC7C00A459E5 /* main.m */ = {isa = PBXFileReference; lastKnownFileType = sourcecode.c.objc; path = main.m; sourceTree = "<group>"; };
		75E082EB1476BC7C00A459E5 /* MacGesture-Prefix.pch */ = {isa = PBXFileReference; lastKnownFileType = sourcecode.c.h; path = "MacGesture-Prefix.pch"; sourceTree = "<group>"; };
		75E082ED1476BC7C00A459E5 /* en */ = {isa = PBXFileReference; lastKnownFileType = text.rtf; name = en; path = en.lproj/Credits.rtf; sourceTree = "<group>"; };
		B78ACC351A8377D30011F8F4 /* LibHandle.xcodeproj */ = {isa = PBXFileReference; lastKnownFileType = "wrapper.pb-project"; name = LibHandle.xcodeproj; path = LibHandle/LibHandle.xcodeproj; sourceTree = "<group>"; };
		B78ACC461A8378A60011F8F4 /* LibHandle.dylib */ = {isa = PBXFileReference; explicitFileType = "compiled.mach-o.dylib"; name = LibHandle.dylib; path = "/Users/falling/Library/Developer/Xcode/DerivedData/MacGesture-durkulsqtkabufdetkrpjzonrnwx/Build/Products/Debug/LibHandle.dylib"; sourceTree = "<absolute>"; };
		B78ACC471A8378A60011F8F4 /* LibHandleTests.xctest */ = {isa = PBXFileReference; explicitFileType = wrapper.cfbundle; path = LibHandleTests.xctest; sourceTree = SOURCE_ROOT; };
		B78ACC5E1A83A5810011F8F4 /* utils.lua */ = {isa = PBXFileReference; fileEncoding = 4; lastKnownFileType = text; path = utils.lua; sourceTree = "<group>"; };
		B78ACC5F1A83A5810011F8F4 /* handle.lua */ = {isa = PBXFileReference; fileEncoding = 4; lastKnownFileType = text; path = handle.lua; sourceTree = "<group>"; };
		B78ACC601A83A5810011F8F4 /* LibHandle.h */ = {isa = PBXFileReference; fileEncoding = 4; lastKnownFileType = sourcecode.c.h; path = LibHandle.h; sourceTree = "<group>"; };
		B78ACC611A83A5810011F8F4 /* LibHandle.m */ = {isa = PBXFileReference; fileEncoding = 4; lastKnownFileType = sourcecode.c.objc; path = LibHandle.m; sourceTree = "<group>"; };
		B7AC66781A8A0B6600356F9D /* liblua.5.2.3.dylib */ = {isa = PBXFileReference; lastKnownFileType = "compiled.mach-o.dylib"; name = liblua.5.2.3.dylib; path = ../../../../usr/local/Cellar/lua/5.2.3_1/lib/liblua.5.2.3.dylib; sourceTree = "<group>"; };
		B7C2F7501AAE7C7F000DD114 /* enable_darkmode.png */ = {isa = PBXFileReference; lastKnownFileType = image.png; path = enable_darkmode.png; sourceTree = "<group>"; };
		B7C2F7531AAE7CDA000DD114 /* disable_darkmode.png */ = {isa = PBXFileReference; lastKnownFileType = image.png; path = disable_darkmode.png; sourceTree = "<group>"; };
		B7D7715C1A8114D60059B0CB /* README.md */ = {isa = PBXFileReference; fileEncoding = 4; lastKnownFileType = net.daringfireball.markdown; path = README.md; sourceTree = "<group>"; };
/* End PBXFileReference section */

/* Begin PBXFrameworksBuildPhase section */
		75E082D61476BC7C00A459E5 /* Frameworks */ = {
			isa = PBXFrameworksBuildPhase;
			buildActionMask = 2147483647;
			files = (
				75E082DE1476BC7C00A459E5 /* Cocoa.framework in Frameworks */,
			);
			runOnlyForDeploymentPostprocessing = 0;
		};
/* End PBXFrameworksBuildPhase section */

/* Begin PBXGroup section */
		75975C2B147D249E001D3B77 /* Resources */ = {
			isa = PBXGroup;
			children = (
				B7C2F7531AAE7CDA000DD114 /* disable_darkmode.png */,
				B7C2F7501AAE7C7F000DD114 /* enable_darkmode.png */,
				75975C2D147D24C5001D3B77 /* MainMenu.xib */,
				75975C2F147D250A001D3B77 /* disable.png */,
				75975C30147D250A001D3B77 /* enable.png */,
				75975C31147D250A001D3B77 /* highlight.png */,
			);
			name = Resources;
			sourceTree = "<group>";
		};
		75E082CE1476BC7C00A459E5 = {
			isa = PBXGroup;
			children = (
				B7AC66781A8A0B6600356F9D /* liblua.5.2.3.dylib */,
				B78ACC351A8377D30011F8F4 /* LibHandle.xcodeproj */,
				B7D7715C1A8114D60059B0CB /* README.md */,
				75E082E31476BC7C00A459E5 /* MacGesture */,
				75E082DC1476BC7C00A459E5 /* Frameworks */,
				75E082DA1476BC7C00A459E5 /* Products */,
			);
			sourceTree = "<group>";
		};
		75E082DA1476BC7C00A459E5 /* Products */ = {
			isa = PBXGroup;
			children = (
				75E082D91476BC7C00A459E5 /* MacGesture.app */,
			);
			name = Products;
			sourceTree = "<group>";
		};
		75E082DC1476BC7C00A459E5 /* Frameworks */ = {
			isa = PBXGroup;
			children = (
				75E082DD1476BC7C00A459E5 /* Cocoa.framework */,
				75E082DF1476BC7C00A459E5 /* Other Frameworks */,
			);
			name = Frameworks;
			sourceTree = "<group>";
		};
		75E082DF1476BC7C00A459E5 /* Other Frameworks */ = {
			isa = PBXGroup;
			children = (
				75E082E01476BC7C00A459E5 /* AppKit.framework */,
				75E082E11476BC7C00A459E5 /* CoreData.framework */,
				75E082E21476BC7C00A459E5 /* Foundation.framework */,
			);
			name = "Other Frameworks";
			sourceTree = "<group>";
		};
		75E082E31476BC7C00A459E5 /* MacGesture */ = {
			isa = PBXGroup;
			children = (
				B78ACC621A83A5810011F8F4 /* LibHandle */,
				B78ACC481A8378A60011F8F4 /* Products */,
				75019780148395DF00C7B661 /* AppDelegate.h */,
				7501977D148395DF00C7B661 /* AppDelegate.m */,
				7501977F148395DF00C7B661 /* MenuController.h */,
				7501977E148395DF00C7B661 /* MenuController.m */,
				75019781148395DF00C7B661 /* CanvasView.h */,
				75019782148395DF00C7B661 /* CanvasView.m */,
				75019783148395DF00C7B661 /* CanvasWindowController.h */,
				75019784148395DF00C7B661 /* CanvasWindowController.m */,
				75019786148395DF00C7B661 /* CanvasWindow.h */,
				75019785148395DF00C7B661 /* CanvasWindow.m */,
				75975C2B147D249E001D3B77 /* Resources */,
				75E082E41476BC7C00A459E5 /* Supporting Files */,
			);
			path = MacGesture;
			sourceTree = "<group>";
		};
		75E082E41476BC7C00A459E5 /* Supporting Files */ = {
			isa = PBXGroup;
			children = (
				75E082E51476BC7C00A459E5 /* MacGesture-Info.plist */,
				75E082E91476BC7C00A459E5 /* main.m */,
				75E082EB1476BC7C00A459E5 /* MacGesture-Prefix.pch */,
				75E082EC1476BC7C00A459E5 /* Credits.rtf */,
			);
			name = "Supporting Files";
			sourceTree = "<group>";
		};
		B78ACC361A8377D30011F8F4 /* Products */ = {
			isa = PBXGroup;
			children = (
				B78ACC3B1A8377D40011F8F4 /* LibHandle.dylib */,
				B78ACC3D1A8377D40011F8F4 /* LibHandleTests.xctest */,
			);
			name = Products;
			sourceTree = "<group>";
		};
		B78ACC481A8378A60011F8F4 /* Products */ = {
			isa = PBXGroup;
			children = (
				B78ACC461A8378A60011F8F4 /* LibHandle.dylib */,
				B78ACC471A8378A60011F8F4 /* LibHandleTests.xctest */,
			);
			name = Products;
			path = ../LibHandle;
			sourceTree = "<group>";
		};
		B78ACC621A83A5810011F8F4 /* LibHandle */ = {
			isa = PBXGroup;
			children = (
				B78ACC5E1A83A5810011F8F4 /* utils.lua */,
				B78ACC5F1A83A5810011F8F4 /* handle.lua */,
				B78ACC601A83A5810011F8F4 /* LibHandle.h */,
				B78ACC611A83A5810011F8F4 /* LibHandle.m */,
			);
			name = LibHandle;
			path = ../LibHandle/LibHandle;
			sourceTree = "<group>";
		};
/* End PBXGroup section */

/* Begin PBXNativeTarget section */
		75E082D81476BC7C00A459E5 /* MacGesture */ = {
			isa = PBXNativeTarget;
			buildConfigurationList = 75E082F71476BC7C00A459E5 /* Build configuration list for PBXNativeTarget "MacGesture" */;
			buildPhases = (
				75E082D51476BC7C00A459E5 /* Sources */,
				75E082D61476BC7C00A459E5 /* Frameworks */,
				75E082D71476BC7C00A459E5 /* Resources */,
				B7AC66761A8A0B5300356F9D /* CopyFiles */,
				B7AC667A1A8A0E7A00356F9D /* ShellScript */,
			);
			buildRules = (
			);
			dependencies = (
				B78ACC451A83784C0011F8F4 /* PBXTargetDependency */,
			);
			name = MacGesture;
			productName = MouseGesture;
			productReference = 75E082D91476BC7C00A459E5 /* MacGesture.app */;
			productType = "com.apple.product-type.application";
		};
/* End PBXNativeTarget section */

/* Begin PBXProject section */
		75E082D01476BC7C00A459E5 /* Project object */ = {
			isa = PBXProject;
			attributes = {
				LastUpgradeCheck = 0610;
				ORGANIZATIONNAME = "";
			};
			buildConfigurationList = 75E082D31476BC7C00A459E5 /* Build configuration list for PBXProject "MacGesture" */;
			compatibilityVersion = "Xcode 3.2";
			developmentRegion = English;
			hasScannedForEncodings = 0;
			knownRegions = (
				en,
			);
			mainGroup = 75E082CE1476BC7C00A459E5;
			productRefGroup = 75E082DA1476BC7C00A459E5 /* Products */;
			projectDirPath = "";
			projectReferences = (
				{
					ProductGroup = B78ACC361A8377D30011F8F4 /* Products */;
					ProjectRef = B78ACC351A8377D30011F8F4 /* LibHandle.xcodeproj */;
				},
			);
			projectRoot = "";
			targets = (
				75E082D81476BC7C00A459E5 /* MacGesture */,
			);
		};
/* End PBXProject section */

/* Begin PBXReferenceProxy section */
		B78ACC3B1A8377D40011F8F4 /* LibHandle.dylib */ = {
			isa = PBXReferenceProxy;
			fileType = "compiled.mach-o.dylib";
			path = LibHandle.dylib;
			remoteRef = B78ACC3A1A8377D40011F8F4 /* PBXContainerItemProxy */;
			sourceTree = BUILT_PRODUCTS_DIR;
		};
		B78ACC3D1A8377D40011F8F4 /* LibHandleTests.xctest */ = {
			isa = PBXReferenceProxy;
			fileType = wrapper.cfbundle;
			path = LibHandleTests.xctest;
			remoteRef = B78ACC3C1A8377D40011F8F4 /* PBXContainerItemProxy */;
			sourceTree = BUILT_PRODUCTS_DIR;
		};
/* End PBXReferenceProxy section */

/* Begin PBXResourcesBuildPhase section */
		75E082D71476BC7C00A459E5 /* Resources */ = {
			isa = PBXResourcesBuildPhase;
			buildActionMask = 2147483647;
			files = (
				B78ACC6A1A83B99B0011F8F4 /* LibHandle.dylib in Resources */,
				B7C2F7541AAE7CDA000DD114 /* disable_darkmode.png in Resources */,
				B78ACC631A83A5810011F8F4 /* utils.lua in Resources */,
				B78ACC641A83A5810011F8F4 /* handle.lua in Resources */,
				B7C2F7511AAE7C7F000DD114 /* enable_darkmode.png in Resources */,
				B75BA45E1A835BC4004669EC /* MainMenu.xib in Resources */,
				B7D771611A8115230059B0CB /* highlight.png in Resources */,
				B7D771601A81151F0059B0CB /* enable.png in Resources */,
				B7D7715F1A81151B0059B0CB /* disable.png in Resources */,
			);
			runOnlyForDeploymentPostprocessing = 0;
		};
/* End PBXResourcesBuildPhase section */

/* Begin PBXShellScriptBuildPhase section */
		B7AC667A1A8A0E7A00356F9D /* ShellScript */ = {
			isa = PBXShellScriptBuildPhase;
			buildActionMask = 2147483647;
			files = (
			);
			inputPaths = (
			);
			outputPaths = (
			);
			runOnlyForDeploymentPostprocessing = 0;
			shellPath = /bin/sh;
			shellScript = "install_name_tool -change /usr/local/lib/liblua.5.2.dylib @loader_path/../Frameworks/liblua.5.2.3.dylib $TARGET_BUILD_DIR/MacGesture.app/Contents/MacOS/MacGesture\n\ninstall_name_tool -change /usr/local/lib/liblua.5.2.dylib @loader_path/../Frameworks/liblua.5.2.3.dylib $TARGET_BUILD_DIR/MacGesture.app/Contents/Resources/LibHandle.dylib";
		};
/* End PBXShellScriptBuildPhase section */

/* Begin PBXSourcesBuildPhase section */
		75E082D51476BC7C00A459E5 /* Sources */ = {
			isa = PBXSourcesBuildPhase;
			buildActionMask = 2147483647;
			files = (
				75E082EA1476BC7C00A459E5 /* main.m in Sources */,
				B78ACC651A83A5810011F8F4 /* LibHandle.m in Sources */,
				75019787148395DF00C7B661 /* AppDelegate.m in Sources */,
				75019788148395DF00C7B661 /* MenuController.m in Sources */,
				B7D7715D1A8114D60059B0CB /* README.md in Sources */,
				75019789148395DF00C7B661 /* CanvasView.m in Sources */,
				7501978A148395DF00C7B661 /* CanvasWindowController.m in Sources */,
				7501978B148395DF00C7B661 /* CanvasWindow.m in Sources */,
			);
			runOnlyForDeploymentPostprocessing = 0;
		};
/* End PBXSourcesBuildPhase section */

/* Begin PBXTargetDependency section */
		B78ACC451A83784C0011F8F4 /* PBXTargetDependency */ = {
			isa = PBXTargetDependency;
			name = LibHandle;
			targetProxy = B78ACC441A83784C0011F8F4 /* PBXContainerItemProxy */;
		};
/* End PBXTargetDependency section */

/* Begin PBXVariantGroup section */
		75E082EC1476BC7C00A459E5 /* Credits.rtf */ = {
			isa = PBXVariantGroup;
			children = (
				75E082ED1476BC7C00A459E5 /* en */,
			);
			name = Credits.rtf;
			sourceTree = "<group>";
		};
/* End PBXVariantGroup section */

/* Begin XCBuildConfiguration section */
		75E082F51476BC7C00A459E5 /* Debug */ = {
			isa = XCBuildConfiguration;
			buildSettings = {
				ALWAYS_SEARCH_USER_PATHS = NO;
				CLANG_WARN_BOOL_CONVERSION = YES;
				CLANG_WARN_CONSTANT_CONVERSION = YES;
				CLANG_WARN_EMPTY_BODY = YES;
				CLANG_WARN_ENUM_CONVERSION = YES;
				CLANG_WARN_INT_CONVERSION = YES;
				CLANG_WARN_UNREACHABLE_CODE = YES;
				CLANG_WARN__DUPLICATE_METHOD_MATCH = YES;
				COPY_PHASE_STRIP = NO;
				ENABLE_STRICT_OBJC_MSGSEND = YES;
				GCC_C_LANGUAGE_STANDARD = gnu99;
				GCC_DYNAMIC_NO_PIC = NO;
				GCC_ENABLE_OBJC_EXCEPTIONS = YES;
				GCC_OPTIMIZATION_LEVEL = 0;
				GCC_PREPROCESSOR_DEFINITIONS = (
					"DEBUG=1",
					"$(inherited)",
				);
				GCC_SYMBOLS_PRIVATE_EXTERN = NO;
				GCC_VERSION = com.apple.compilers.llvm.clang.1_0;
				GCC_WARN_64_TO_32_BIT_CONVERSION = YES;
				GCC_WARN_ABOUT_MISSING_PROTOTYPES = YES;
				GCC_WARN_ABOUT_RETURN_TYPE = YES;
				GCC_WARN_UNDECLARED_SELECTOR = YES;
				GCC_WARN_UNINITIALIZED_AUTOS = YES;
				GCC_WARN_UNUSED_FUNCTION = YES;
				GCC_WARN_UNUSED_VARIABLE = YES;
				INSTALL_PATH = "@rpath";
				LD_RUNPATH_SEARCH_PATHS = "@executable_path/../Frameworks";
				MACOSX_DEPLOYMENT_TARGET = 10.7;
				ONLY_ACTIVE_ARCH = YES;
				SDKROOT = macosx;
			};
			name = Debug;
		};
		75E082F61476BC7C00A459E5 /* Release */ = {
			isa = XCBuildConfiguration;
			buildSettings = {
				ALWAYS_SEARCH_USER_PATHS = NO;
				CLANG_USE_OPTIMIZATION_PROFILE = NO;
				CLANG_WARN_BOOL_CONVERSION = YES;
				CLANG_WARN_CONSTANT_CONVERSION = YES;
				CLANG_WARN_EMPTY_BODY = YES;
				CLANG_WARN_ENUM_CONVERSION = YES;
				CLANG_WARN_INT_CONVERSION = YES;
				CLANG_WARN_UNREACHABLE_CODE = YES;
				CLANG_WARN__DUPLICATE_METHOD_MATCH = YES;
				COPY_PHASE_STRIP = YES;
				DEBUG_INFORMATION_FORMAT = "dwarf-with-dsym";
				ENABLE_STRICT_OBJC_MSGSEND = YES;
				GCC_C_LANGUAGE_STANDARD = gnu99;
				GCC_ENABLE_OBJC_EXCEPTIONS = YES;
				GCC_OPTIMIZATION_LEVEL = s;
				GCC_VERSION = com.apple.compilers.llvm.clang.1_0;
				GCC_WARN_64_TO_32_BIT_CONVERSION = YES;
				GCC_WARN_ABOUT_MISSING_PROTOTYPES = YES;
				GCC_WARN_ABOUT_RETURN_TYPE = YES;
				GCC_WARN_UNDECLARED_SELECTOR = YES;
				GCC_WARN_UNINITIALIZED_AUTOS = YES;
				GCC_WARN_UNUSED_FUNCTION = YES;
				GCC_WARN_UNUSED_VARIABLE = YES;
				INSTALL_PATH = "@rpath";
				LD_RUNPATH_SEARCH_PATHS = "@executable_path/../Frameworks";
				MACOSX_DEPLOYMENT_TARGET = 10.7;
				SDKROOT = macosx;
			};
			name = Release;
		};
		75E082F81476BC7C00A459E5 /* Debug */ = {
			isa = XCBuildConfiguration;
			buildSettings = {
				COMBINE_HIDPI_IMAGES = YES;
				GCC_PRECOMPILE_PREFIX_HEADER = YES;
				GCC_PREFIX_HEADER = "MacGesture/MacGesture-Prefix.pch";
				HEADER_SEARCH_PATHS = (
					"$(inherited)",
					/Applications/Xcode.app/Contents/Developer/Toolchains/XcodeDefault.xctoolchain/usr/include,
					/usr/local/include,
				);
				INFOPLIST_FILE = "MacGesture/MacGesture-Info.plist";
				LIBRARY_SEARCH_PATHS = (
					/usr/local/lib,
					"$(USER_LIBRARY_DIR)/Developer/Xcode/DerivedData/MacGesture-durkulsqtkabufdetkrpjzonrnwx/Build/Products/Debug",
					"$(PROJECT_DIR)",
				);
				OTHER_LDFLAGS = "-llua";
				PRELINK_LIBS = "";
				PRODUCT_NAME = MacGesture;
				WRAPPER_EXTENSION = app;
			};
			name = Debug;
		};
		75E082F91476BC7C00A459E5 /* Release */ = {
			isa = XCBuildConfiguration;
			buildSettings = {
				CLANG_USE_OPTIMIZATION_PROFILE = NO;
				COMBINE_HIDPI_IMAGES = YES;
				GCC_PRECOMPILE_PREFIX_HEADER = YES;
				GCC_PREFIX_HEADER = "MacGesture/MacGesture-Prefix.pch";
				HEADER_SEARCH_PATHS = (
					"$(inherited)",
					/Applications/Xcode.app/Contents/Developer/Toolchains/XcodeDefault.xctoolchain/usr/include,
					/usr/local/include,
				);
				INFOPLIST_FILE = "MacGesture/MacGesture-Info.plist";
				LIBRARY_SEARCH_PATHS = (
					/usr/local/lib,
					"$(USER_LIBRARY_DIR)/Developer/Xcode/DerivedData/MacGesture-durkulsqtkabufdetkrpjzonrnwx/Build/Products/Debug",
					"$(PROJECT_DIR)",
				);
				OTHER_LDFLAGS = "-llua";
				PRELINK_LIBS = "";
				PRODUCT_NAME = MacGesture;
				WRAPPER_EXTENSION = app;
			};
			name = Release;
		};
/* End XCBuildConfiguration section */

/* Begin XCConfigurationList section */
		75E082D31476BC7C00A459E5 /* Build configuration list for PBXProject "MacGesture" */ = {
			isa = XCConfigurationList;
			buildConfigurations = (
				75E082F51476BC7C00A459E5 /* Debug */,
				75E082F61476BC7C00A459E5 /* Release */,
			);
			defaultConfigurationIsVisible = 0;
			defaultConfigurationName = Release;
		};
		75E082F71476BC7C00A459E5 /* Build configuration list for PBXNativeTarget "MacGesture" */ = {
			isa = XCConfigurationList;
			buildConfigurations = (
				75E082F81476BC7C00A459E5 /* Debug */,
				75E082F91476BC7C00A459E5 /* Release */,
			);
			defaultConfigurationIsVisible = 0;
			defaultConfigurationName = Release;
		};
/* End XCConfigurationList section */
	};
	rootObject = 75E082D01476BC7C00A459E5 /* Project object */;
}
