// !$*UTF8*$!
{
	archiveVersion = 1;
	classes = {
	};
	objectVersion = 46;
	objects = {

/* Begin PBXBuildFile section */
		1381E4AC1824E7E800E815F5 /* Cocoa.framework in Frameworks */ = {isa = PBXBuildFile; fileRef = 1381E4AB1824E7E800E815F5 /* Cocoa.framework */; };
		1381E4B61824E7E800E815F5 /* InfoPlist.strings in Resources */ = {isa = PBXBuildFile; fileRef = 1381E4B41824E7E800E815F5 /* InfoPlist.strings */; };
		1381E4B81824E7E800E815F5 /* main.m in Sources */ = {isa = PBXBuildFile; fileRef = 1381E4B71824E7E800E815F5 /* main.m */; };
		1381E4BC1824E7E800E815F5 /* Credits.rtf in Resources */ = {isa = PBXBuildFile; fileRef = 1381E4BA1824E7E800E815F5 /* Credits.rtf */; };
		1381E4BF1824E7E800E815F5 /* AppDelegate.m in Sources */ = {isa = PBXBuildFile; fileRef = 1381E4BE1824E7E800E815F5 /* AppDelegate.m */; };
		1381E4C41824E7E800E815F5 /* Images.xcassets in Resources */ = {isa = PBXBuildFile; fileRef = 1381E4C31824E7E800E815F5 /* Images.xcassets */; };
		1381E4CC1824E7E800E815F5 /* Cocoa.framework in Frameworks */ = {isa = PBXBuildFile; fileRef = 1381E4AB1824E7E800E815F5 /* Cocoa.framework */; };
		1381E4D41824E7E800E815F5 /* InfoPlist.strings in Resources */ = {isa = PBXBuildFile; fileRef = 1381E4D21824E7E800E815F5 /* InfoPlist.strings */; };
		1381E4D61824E7E800E815F5 /* MacGestureTests.m in Sources */ = {isa = PBXBuildFile; fileRef = 1381E4D51824E7E800E815F5 /* MacGestureTests.m */; };
		2641800AADBF86F6E76A37B3 /* CanvasView.m in Sources */ = {isa = PBXBuildFile; fileRef = 26418B1111120858F175152C /* CanvasView.m */; };
		2641804FA39EEA04BDDC27B2 /* right.png in Resources */ = {isa = PBXBuildFile; fileRef = 26418DFD972C75FBEF81D049 /* right.png */; };
		2641813EC194C60DC1B1806D /* utils.m in Sources */ = {isa = PBXBuildFile; fileRef = 26418F4D8FB5BC803E3EB850 /* utils.m */; };
		264182480FA70DFC89B87842 /* Updates.tiff in Resources */ = {isa = PBXBuildFile; fileRef = 26418C0A252C6E5467076636 /* Updates.tiff */; };
		264182B6681E0BAFA3949CF1 /* Action.m in Sources */ = {isa = PBXBuildFile; fileRef = 26418BD1B6A90F924FECCC0E /* Action.m */; };
		264183649CB68AD1A072883A /* AppPrefsWindowController.m in Sources */ = {isa = PBXBuildFile; fileRef = 26418FC7DDD865F972F5D0D7 /* AppPrefsWindowController.m */; };
		264183DA0542C17E1932F696 /* SRRecorderControlWithTagid.m in Sources */ = {isa = PBXBuildFile; fileRef = 264180FBF385AF13387254C2 /* SRRecorderControlWithTagid.m */; };
		264183EEE694EB7761D6066B /* CanvasWindowController.m in Sources */ = {isa = PBXBuildFile; fileRef = 264188F91072F914D0FF443E /* CanvasWindowController.m */; };
		264184A9FF52175212CBE73F /* CanvasWindow.m in Sources */ = {isa = PBXBuildFile; fileRef = 2641881917BAF09AFC2A7CC7 /* CanvasWindow.m */; };
		264185813821B17A6CF8761E /* Rules.png in Resources */ = {isa = PBXBuildFile; fileRef = 264188A38F5F48B61F3EF173 /* Rules.png */; };
		2641871BACBB993F84AF778C /* About.png in Resources */ = {isa = PBXBuildFile; fileRef = 264188CA1FEAB47BE83286F8 /* About.png */; };
		26418785A1CC885F4D2FFDF5 /* General.png in Resources */ = {isa = PBXBuildFile; fileRef = 264182CCCB38C9FAD7896BD5 /* General.png */; };
		26418990BAAA8C09484967DD /* down.png in Resources */ = {isa = PBXBuildFile; fileRef = 26418331BA0AD1E0D42A4E53 /* down.png */; };
		26418AB7E1520EED88A179C1 /* MainMenu.xib in Resources */ = {isa = PBXBuildFile; fileRef = 26418E4815E00CCF5774C97C /* MainMenu.xib */; };
		26418AD8D88FC1BA381305BA /* left.png in Resources */ = {isa = PBXBuildFile; fileRef = 264180FCC355082AC7EDFD74 /* left.png */; };
		26418B30A89965ED65EC8209 /* up.png in Resources */ = {isa = PBXBuildFile; fileRef = 2641860492954D6BD5AF2FD5 /* up.png */; };
		26418C3B69408A43FB0E03F1 /* Preferences.xib in Resources */ = {isa = PBXBuildFile; fileRef = 2641846DC43DD915C2555D4C /* Preferences.xib */; };
		26418E623E410EF207EFA2A8 /* RulesList.m in Sources */ = {isa = PBXBuildFile; fileRef = 26418733B12703C123D16E95 /* RulesList.m */; };
		3CDC524D2930406CB9272085 /* MGOptionsDefine.m in Sources */ = {isa = PBXBuildFile; fileRef = 3CDC5E8230A2649DBD0DE765 /* MGOptionsDefine.m */; };
		3CDC5543D4E5BD248515F7CA /* BlackWhiteFilter.m in Sources */ = {isa = PBXBuildFile; fileRef = 3CDC55835ADD1CA85B9CCC91 /* BlackWhiteFilter.m */; };
		68C087AD74CFB1C5E0528759 /* libPods.a in Frameworks */ = {isa = PBXBuildFile; fileRef = 1136B136EA3AC3F1862223E3 /* libPods.a */; };
		B6F75AD51BD4DECB00A8CF63 /* dsa_pub.pem in Resources */ = {isa = PBXBuildFile; fileRef = B6F75AD41BD4DECB00A8CF63 /* dsa_pub.pem */; };
		B6F75AE31BD65BDD00A8CF63 /* AppPickerWindowController.m in Sources */ = {isa = PBXBuildFile; fileRef = B6F75AE11BD65BDD00A8CF63 /* AppPickerWindowController.m */; };
		B6F75AE41BD65BDD00A8CF63 /* AppPickerWindowController.xib in Resources */ = {isa = PBXBuildFile; fileRef = B6F75AE21BD65BDD00A8CF63 /* AppPickerWindowController.xib */; };
/* End PBXBuildFile section */

/* Begin PBXContainerItemProxy section */
		1381E4CD1824E7E800E815F5 /* PBXContainerItemProxy */ = {
			isa = PBXContainerItemProxy;
			containerPortal = 1381E4A01824E7E800E815F5 /* Project object */;
			proxyType = 1;
			remoteGlobalIDString = 1381E4A71824E7E800E815F5;
			remoteInfo = MacGesture;
		};
/* End PBXContainerItemProxy section */

/* Begin PBXFileReference section */
		1136B136EA3AC3F1862223E3 /* libPods.a */ = {isa = PBXFileReference; explicitFileType = archive.ar; includeInIndex = 0; path = libPods.a; sourceTree = BUILT_PRODUCTS_DIR; };
		1331CD80182C50E500782D16 /* menu_icon_16x16.png */ = {isa = PBXFileReference; lastKnownFileType = image.png; path = menu_icon_16x16.png; sourceTree = "<group>"; };
		1331CD81182C50E500782D16 /* menu_icon_32x32.png */ = {isa = PBXFileReference; lastKnownFileType = image.png; path = menu_icon_32x32.png; sourceTree = "<group>"; };
		1381E4AB1824E7E800E815F5 /* Cocoa.framework */ = {isa = PBXFileReference; lastKnownFileType = wrapper.framework; name = Cocoa.framework; path = System/Library/Frameworks/Cocoa.framework; sourceTree = SDKROOT; };
		1381E4AE1824E7E800E815F5 /* AppKit.framework */ = {isa = PBXFileReference; lastKnownFileType = wrapper.framework; name = AppKit.framework; path = System/Library/Frameworks/AppKit.framework; sourceTree = SDKROOT; };
		1381E4AF1824E7E800E815F5 /* CoreData.framework */ = {isa = PBXFileReference; lastKnownFileType = wrapper.framework; name = CoreData.framework; path = System/Library/Frameworks/CoreData.framework; sourceTree = SDKROOT; };
		1381E4B01824E7E800E815F5 /* Foundation.framework */ = {isa = PBXFileReference; lastKnownFileType = wrapper.framework; name = Foundation.framework; path = System/Library/Frameworks/Foundation.framework; sourceTree = SDKROOT; };
		1381E4B31824E7E800E815F5 /* MacGesture-Info.plist */ = {isa = PBXFileReference; lastKnownFileType = text.plist.xml; path = "MacGesture-Info.plist"; sourceTree = "<group>"; };
		1381E4B51824E7E800E815F5 /* en */ = {isa = PBXFileReference; lastKnownFileType = text.plist.strings; name = en; path = en.lproj/InfoPlist.strings; sourceTree = "<group>"; };
		1381E4B71824E7E800E815F5 /* main.m */ = {isa = PBXFileReference; lastKnownFileType = sourcecode.c.objc; path = main.m; sourceTree = "<group>"; };
		1381E4B91824E7E800E815F5 /* MacGesture-Prefix.pch */ = {isa = PBXFileReference; lastKnownFileType = sourcecode.c.h; path = "MacGesture-Prefix.pch"; sourceTree = "<group>"; };
		1381E4BB1824E7E800E815F5 /* en */ = {isa = PBXFileReference; lastKnownFileType = text.rtf; name = en; path = en.lproj/Credits.rtf; sourceTree = "<group>"; };
		1381E4BD1824E7E800E815F5 /* AppDelegate.h */ = {isa = PBXFileReference; lastKnownFileType = sourcecode.c.h; path = AppDelegate.h; sourceTree = "<group>"; };
		1381E4BE1824E7E800E815F5 /* AppDelegate.m */ = {isa = PBXFileReference; lastKnownFileType = sourcecode.c.objc; path = AppDelegate.m; sourceTree = "<group>"; };
		1381E4C31824E7E800E815F5 /* Images.xcassets */ = {isa = PBXFileReference; lastKnownFileType = folder.assetcatalog; path = Images.xcassets; sourceTree = "<group>"; };
		1381E4D11824E7E800E815F5 /* MacGestureTests-Info.plist */ = {isa = PBXFileReference; lastKnownFileType = text.plist.xml; path = "MacGestureTests-Info.plist"; sourceTree = "<group>"; };
		1381E4D31824E7E800E815F5 /* en */ = {isa = PBXFileReference; lastKnownFileType = text.plist.strings; name = en; path = en.lproj/InfoPlist.strings; sourceTree = "<group>"; };
		1381E4D51824E7E800E815F5 /* MacGestureTests.m */ = {isa = PBXFileReference; lastKnownFileType = sourcecode.c.objc; path = MacGestureTests.m; sourceTree = "<group>"; };
		264180FBF385AF13387254C2 /* SRRecorderControlWithTagid.m */ = {isa = PBXFileReference; fileEncoding = 4; lastKnownFileType = sourcecode.c.objc; path = SRRecorderControlWithTagid.m; sourceTree = "<group>"; };
		264180FCC355082AC7EDFD74 /* left.png */ = {isa = PBXFileReference; lastKnownFileType = image.png; path = left.png; sourceTree = "<group>"; };
		2641816292D47EE5C6214369 /* Base */ = {isa = PBXFileReference; lastKnownFileType = file.xib; name = Base; path = MacGesture/Base.lproj/MainMenu.xib; sourceTree = SOURCE_ROOT; };
		264182CCCB38C9FAD7896BD5 /* General.png */ = {isa = PBXFileReference; lastKnownFileType = image.png; path = General.png; sourceTree = "<group>"; };
		26418331BA0AD1E0D42A4E53 /* down.png */ = {isa = PBXFileReference; lastKnownFileType = image.png; path = down.png; sourceTree = "<group>"; };
		2641846D9674154891849969 /* SRRecorderControlWithTagid.h */ = {isa = PBXFileReference; fileEncoding = 4; lastKnownFileType = sourcecode.c.h; path = SRRecorderControlWithTagid.h; sourceTree = "<group>"; };
		2641846DC43DD915C2555D4C /* Preferences.xib */ = {isa = PBXFileReference; lastKnownFileType = file.xib; path = Preferences.xib; sourceTree = "<group>"; };
		264184868E6F3B7E8747AAA2 /* AppPrefsWindowController.h */ = {isa = PBXFileReference; fileEncoding = 4; lastKnownFileType = sourcecode.c.h; path = AppPrefsWindowController.h; sourceTree = "<group>"; };
		264184DD0A5ACE29690D7EF2 /* CanvasView.h */ = {isa = PBXFileReference; fileEncoding = 4; lastKnownFileType = sourcecode.c.h; path = CanvasView.h; sourceTree = "<group>"; };
		2641853CD8AE42C95077D980 /* RulesList.h */ = {isa = PBXFileReference; fileEncoding = 4; lastKnownFileType = sourcecode.c.h; path = RulesList.h; sourceTree = "<group>"; };
		2641860492954D6BD5AF2FD5 /* up.png */ = {isa = PBXFileReference; lastKnownFileType = image.png; path = up.png; sourceTree = "<group>"; };
		26418733B12703C123D16E95 /* RulesList.m */ = {isa = PBXFileReference; fileEncoding = 4; lastKnownFileType = sourcecode.c.objc; path = RulesList.m; sourceTree = "<group>"; };
		264187BE8168A714F0DB88B7 /* CanvasWindowController.h */ = {isa = PBXFileReference; fileEncoding = 4; lastKnownFileType = sourcecode.c.h; path = CanvasWindowController.h; sourceTree = "<group>"; };
		2641881917BAF09AFC2A7CC7 /* CanvasWindow.m */ = {isa = PBXFileReference; fileEncoding = 4; lastKnownFileType = sourcecode.c.objc; path = CanvasWindow.m; sourceTree = "<group>"; };
		264188A38F5F48B61F3EF173 /* Rules.png */ = {isa = PBXFileReference; lastKnownFileType = image.png; path = Rules.png; sourceTree = "<group>"; };
		264188CA1FEAB47BE83286F8 /* About.png */ = {isa = PBXFileReference; lastKnownFileType = image.png; path = About.png; sourceTree = "<group>"; };
		264188F91072F914D0FF443E /* CanvasWindowController.m */ = {isa = PBXFileReference; fileEncoding = 4; lastKnownFileType = sourcecode.c.objc; path = CanvasWindowController.m; sourceTree = "<group>"; };
		26418B1111120858F175152C /* CanvasView.m */ = {isa = PBXFileReference; fileEncoding = 4; lastKnownFileType = sourcecode.c.objc; path = CanvasView.m; sourceTree = "<group>"; };
		26418BD1B6A90F924FECCC0E /* Action.m */ = {isa = PBXFileReference; fileEncoding = 4; lastKnownFileType = sourcecode.c.objc; path = Action.m; sourceTree = "<group>"; };
		26418C0A252C6E5467076636 /* Updates.tiff */ = {isa = PBXFileReference; lastKnownFileType = image.tiff; path = Updates.tiff; sourceTree = "<group>"; };
		26418C419A597E159158ED0D /* utils.h */ = {isa = PBXFileReference; fileEncoding = 4; lastKnownFileType = sourcecode.c.h; path = utils.h; sourceTree = "<group>"; };
		26418D5612632F8BDA1AE8CA /* CanvasWindow.h */ = {isa = PBXFileReference; fileEncoding = 4; lastKnownFileType = sourcecode.c.h; path = CanvasWindow.h; sourceTree = "<group>"; };
		26418DFD972C75FBEF81D049 /* right.png */ = {isa = PBXFileReference; lastKnownFileType = image.png; path = right.png; sourceTree = "<group>"; };
		26418F4D8FB5BC803E3EB850 /* utils.m */ = {isa = PBXFileReference; fileEncoding = 4; lastKnownFileType = sourcecode.c.objc; path = utils.m; sourceTree = "<group>"; };
		26418F65C3F7A9F255FAA94A /* Action.h */ = {isa = PBXFileReference; fileEncoding = 4; lastKnownFileType = sourcecode.c.h; path = Action.h; sourceTree = "<group>"; };
		26418FC7DDD865F972F5D0D7 /* AppPrefsWindowController.m */ = {isa = PBXFileReference; fileEncoding = 4; lastKnownFileType = sourcecode.c.objc; path = AppPrefsWindowController.m; sourceTree = "<group>"; };
		319D16D664048735E34A0C5E /* Pods.debug.xcconfig */ = {isa = PBXFileReference; includeInIndex = 1; lastKnownFileType = text.xcconfig; name = Pods.debug.xcconfig; path = "Pods/Target Support Files/Pods/Pods.debug.xcconfig"; sourceTree = "<group>"; };
		3CDC55835ADD1CA85B9CCC91 /* BlackWhiteFilter.m */ = {isa = PBXFileReference; fileEncoding = 4; lastKnownFileType = sourcecode.c.objc; path = BlackWhiteFilter.m; sourceTree = "<group>"; };
		3CDC56147BD933CE0A3EC116 /* MGOptionsDefine.h */ = {isa = PBXFileReference; fileEncoding = 4; lastKnownFileType = sourcecode.c.h; path = MGOptionsDefine.h; sourceTree = "<group>"; };
		3CDC5A614857FE77ADFEA4C8 /* BlackWhiteFilter.h */ = {isa = PBXFileReference; fileEncoding = 4; lastKnownFileType = sourcecode.c.h; path = BlackWhiteFilter.h; sourceTree = "<group>"; };
		3CDC5E8230A2649DBD0DE765 /* MGOptionsDefine.m */ = {isa = PBXFileReference; fileEncoding = 4; lastKnownFileType = sourcecode.c.objc; path = MGOptionsDefine.m; sourceTree = "<group>"; };
		B6F75AD41BD4DECB00A8CF63 /* dsa_pub.pem */ = {isa = PBXFileReference; fileEncoding = 4; lastKnownFileType = text; path = dsa_pub.pem; sourceTree = "<group>"; };
		B6F75AE01BD65BDD00A8CF63 /* AppPickerWindowController.h */ = {isa = PBXFileReference; fileEncoding = 4; lastKnownFileType = sourcecode.c.h; path = AppPickerWindowController.h; sourceTree = "<group>"; };
		B6F75AE11BD65BDD00A8CF63 /* AppPickerWindowController.m */ = {isa = PBXFileReference; fileEncoding = 4; lastKnownFileType = sourcecode.c.objc; path = AppPickerWindowController.m; sourceTree = "<group>"; };
		B6F75AE21BD65BDD00A8CF63 /* AppPickerWindowController.xib */ = {isa = PBXFileReference; fileEncoding = 4; lastKnownFileType = file.xib; path = AppPickerWindowController.xib; sourceTree = "<group>"; };
		F7252488598BED86D8B7C09B /* Pods.release.xcconfig */ = {isa = PBXFileReference; includeInIndex = 1; lastKnownFileType = text.xcconfig; name = Pods.release.xcconfig; path = "Pods/Target Support Files/Pods/Pods.release.xcconfig"; sourceTree = "<group>"; };
/* End PBXFileReference section */

/* Begin PBXFrameworksBuildPhase section */
		1381E4A51824E7E800E815F5 /* Frameworks */ = {
			isa = PBXFrameworksBuildPhase;
			buildActionMask = 2147483647;
			files = (
				1381E4AC1824E7E800E815F5 /* Cocoa.framework in Frameworks */,
				68C087AD74CFB1C5E0528759 /* libPods.a in Frameworks */,
			);
			runOnlyForDeploymentPostprocessing = 0;
		};
		1381E4C61824E7E800E815F5 /* Frameworks */ = {
			isa = PBXFrameworksBuildPhase;
			buildActionMask = 2147483647;
			files = (
				1381E4CC1824E7E800E815F5 /* Cocoa.framework in Frameworks */,
			);
			runOnlyForDeploymentPostprocessing = 0;
		};
/* End PBXFrameworksBuildPhase section */

/* Begin PBXGroup section */
		1381E49F1824E7E800E815F5 = {
			isa = PBXGroup;
			children = (
				1381E4B11824E7E800E815F5 /* MacGesture */,
				1381E4CF1824E7E800E815F5 /* MacGestureTests */,
				1381E4AA1824E7E800E815F5 /* Frameworks */,
				1381E4A91824E7E800E815F5 /* Products */,
				B5530CC817F36DD4BE1A0A9B /* Pods */,
			);
			sourceTree = "<group>";
		};
		1381E4A91824E7E800E815F5 /* Products */ = {
			isa = PBXGroup;
			children = (
			);
			name = Products;
			sourceTree = "<group>";
		};
		1381E4AA1824E7E800E815F5 /* Frameworks */ = {
			isa = PBXGroup;
			children = (
				1381E4AB1824E7E800E815F5 /* Cocoa.framework */,
				1381E4AD1824E7E800E815F5 /* Other Frameworks */,
				1136B136EA3AC3F1862223E3 /* libPods.a */,
			);
			name = Frameworks;
			sourceTree = "<group>";
		};
		1381E4AD1824E7E800E815F5 /* Other Frameworks */ = {
			isa = PBXGroup;
			children = (
				1381E4AE1824E7E800E815F5 /* AppKit.framework */,
				1381E4AF1824E7E800E815F5 /* CoreData.framework */,
				1381E4B01824E7E800E815F5 /* Foundation.framework */,
			);
			name = "Other Frameworks";
			sourceTree = "<group>";
		};
		1381E4B11824E7E800E815F5 /* MacGesture */ = {
			isa = PBXGroup;
			children = (
				B6F75AE01BD65BDD00A8CF63 /* AppPickerWindowController.h */,
				B6F75AE11BD65BDD00A8CF63 /* AppPickerWindowController.m */,
				B6F75AE21BD65BDD00A8CF63 /* AppPickerWindowController.xib */,
				1381E4BD1824E7E800E815F5 /* AppDelegate.h */,
				1381E4BE1824E7E800E815F5 /* AppDelegate.m */,
				1381E4C31824E7E800E815F5 /* Images.xcassets */,
				1381E4B21824E7E800E815F5 /* Supporting Files */,
				264184868E6F3B7E8747AAA2 /* AppPrefsWindowController.h */,
				26418FC7DDD865F972F5D0D7 /* AppPrefsWindowController.m */,
				264189E588806C286B6552A8 /* Resources */,
				2641881917BAF09AFC2A7CC7 /* CanvasWindow.m */,
				26418D5612632F8BDA1AE8CA /* CanvasWindow.h */,
				264187BE8168A714F0DB88B7 /* CanvasWindowController.h */,
				26418B1111120858F175152C /* CanvasView.m */,
				264184DD0A5ACE29690D7EF2 /* CanvasView.h */,
				264188F91072F914D0FF443E /* CanvasWindowController.m */,
				26418733B12703C123D16E95 /* RulesList.m */,
				2641853CD8AE42C95077D980 /* RulesList.h */,
				26418BD1B6A90F924FECCC0E /* Action.m */,
				26418F65C3F7A9F255FAA94A /* Action.h */,
				264180FBF385AF13387254C2 /* SRRecorderControlWithTagid.m */,
				2641846D9674154891849969 /* SRRecorderControlWithTagid.h */,
				26418C419A597E159158ED0D /* utils.h */,
				26418F4D8FB5BC803E3EB850 /* utils.m */,
				3CDC5D998F35E9F8C91C7789 /* Model */,
			);
			path = MacGesture;
			sourceTree = "<group>";
		};
		1381E4B21824E7E800E815F5 /* Supporting Files */ = {
			isa = PBXGroup;
			children = (
				1331CD80182C50E500782D16 /* menu_icon_16x16.png */,
				1331CD81182C50E500782D16 /* menu_icon_32x32.png */,
				1381E4B31824E7E800E815F5 /* MacGesture-Info.plist */,
				1381E4B41824E7E800E815F5 /* InfoPlist.strings */,
				1381E4B71824E7E800E815F5 /* main.m */,
				1381E4B91824E7E800E815F5 /* MacGesture-Prefix.pch */,
				1381E4BA1824E7E800E815F5 /* Credits.rtf */,
			);
			name = "Supporting Files";
			sourceTree = "<group>";
		};
		1381E4CF1824E7E800E815F5 /* MacGestureTests */ = {
			isa = PBXGroup;
			children = (
				1381E4D51824E7E800E815F5 /* MacGestureTests.m */,
				1381E4D01824E7E800E815F5 /* Supporting Files */,
			);
			path = MacGestureTests;
			sourceTree = "<group>";
		};
		1381E4D01824E7E800E815F5 /* Supporting Files */ = {
			isa = PBXGroup;
			children = (
				1381E4D11824E7E800E815F5 /* MacGestureTests-Info.plist */,
				1381E4D21824E7E800E815F5 /* InfoPlist.strings */,
			);
			name = "Supporting Files";
			sourceTree = "<group>";
		};
		264189E588806C286B6552A8 /* Resources */ = {
			isa = PBXGroup;
			children = (
				B6F75AD41BD4DECB00A8CF63 /* dsa_pub.pem */,
				264182CCCB38C9FAD7896BD5 /* General.png */,
				2641846DC43DD915C2555D4C /* Preferences.xib */,
				26418C0A252C6E5467076636 /* Updates.tiff */,
				264188A38F5F48B61F3EF173 /* Rules.png */,
				264188CA1FEAB47BE83286F8 /* About.png */,
				26418E4815E00CCF5774C97C /* MainMenu.xib */,
				26418DFD972C75FBEF81D049 /* right.png */,
				2641860492954D6BD5AF2FD5 /* up.png */,
				264180FCC355082AC7EDFD74 /* left.png */,
				26418331BA0AD1E0D42A4E53 /* down.png */,
			);
			path = Resources;
			sourceTree = "<group>";
		};
		3CDC5D998F35E9F8C91C7789 /* Model */ = {
			isa = PBXGroup;
			children = (
				3CDC55835ADD1CA85B9CCC91 /* BlackWhiteFilter.m */,
				3CDC5A614857FE77ADFEA4C8 /* BlackWhiteFilter.h */,
				3CDC56147BD933CE0A3EC116 /* MGOptionsDefine.h */,
				3CDC5E8230A2649DBD0DE765 /* MGOptionsDefine.m */,
			);
			path = Model;
			sourceTree = "<group>";
		};
		B5530CC817F36DD4BE1A0A9B /* Pods */ = {
			isa = PBXGroup;
			children = (
				319D16D664048735E34A0C5E /* Pods.debug.xcconfig */,
				F7252488598BED86D8B7C09B /* Pods.release.xcconfig */,
			);
			name = Pods;
			sourceTree = "<group>";
		};
/* End PBXGroup section */

/* Begin PBXNativeTarget section */
		1381E4A71824E7E800E815F5 /* MacGesture */ = {
			isa = PBXNativeTarget;
			buildConfigurationList = 1381E4D91824E7E800E815F5 /* Build configuration list for PBXNativeTarget "MacGesture" */;
			buildPhases = (
				6FA8FD7ACD567068767132B6 /* Check Pods Manifest.lock */,
				1381E4A41824E7E800E815F5 /* Sources */,
				1381E4A51824E7E800E815F5 /* Frameworks */,
				1381E4A61824E7E800E815F5 /* Resources */,
				2BFB184CE7E1856704AE9FCC /* Embed Pods Frameworks */,
				7F94634C533F656853C9D03A /* Copy Pods Resources */,
			);
			buildRules = (
			);
			dependencies = (
			);
			name = MacGesture;
			productName = MacGesture;
			productType = "com.apple.product-type.application";
		};
		1381E4C81824E7E800E815F5 /* MacGestureTests */ = {
			isa = PBXNativeTarget;
			buildConfigurationList = 1381E4DC1824E7E800E815F5 /* Build configuration list for PBXNativeTarget "MacGestureTests" */;
			buildPhases = (
				1381E4C51824E7E800E815F5 /* Sources */,
				1381E4C61824E7E800E815F5 /* Frameworks */,
				1381E4C71824E7E800E815F5 /* Resources */,
			);
			buildRules = (
			);
			dependencies = (
				1381E4CE1824E7E800E815F5 /* PBXTargetDependency */,
			);
			name = MacGestureTests;
			productName = MacGestureTests;
			productType = "com.apple.product-type.bundle.unit-test";
		};
/* End PBXNativeTarget section */

/* Begin PBXProject section */
		1381E4A01824E7E800E815F5 /* Project object */ = {
			isa = PBXProject;
			attributes = {
				CLASSPREFIX = MBA;
				LastUpgradeCheck = 0500;
				ORGANIZATIONNAME = "Chivalry Software";
				TargetAttributes = {
					1381E4C81824E7E800E815F5 = {
						TestTargetID = 1381E4A71824E7E800E815F5;
					};
				};
			};
			buildConfigurationList = 1381E4A31824E7E800E815F5 /* Build configuration list for PBXProject "MacGesture" */;
			compatibilityVersion = "Xcode 3.2";
			developmentRegion = English;
			hasScannedForEncodings = 0;
			knownRegions = (
				en,
				Base,
			);
			mainGroup = 1381E49F1824E7E800E815F5;
			productRefGroup = 1381E4A91824E7E800E815F5 /* Products */;
			projectDirPath = "";
			projectRoot = "";
			targets = (
				1381E4A71824E7E800E815F5 /* MacGesture */,
				1381E4C81824E7E800E815F5 /* MacGestureTests */,
			);
		};
/* End PBXProject section */

/* Begin PBXResourcesBuildPhase section */
		1381E4A61824E7E800E815F5 /* Resources */ = {
			isa = PBXResourcesBuildPhase;
			buildActionMask = 2147483647;
			files = (
				1381E4B61824E7E800E815F5 /* InfoPlist.strings in Resources */,
				1381E4C41824E7E800E815F5 /* Images.xcassets in Resources */,
				B6F75AE41BD65BDD00A8CF63 /* AppPickerWindowController.xib in Resources */,
				1381E4BC1824E7E800E815F5 /* Credits.rtf in Resources */,
				26418785A1CC885F4D2FFDF5 /* General.png in Resources */,
				26418C3B69408A43FB0E03F1 /* Preferences.xib in Resources */,
				264182480FA70DFC89B87842 /* Updates.tiff in Resources */,
				264185813821B17A6CF8761E /* Rules.png in Resources */,
				B6F75AD51BD4DECB00A8CF63 /* dsa_pub.pem in Resources */,
				2641871BACBB993F84AF778C /* About.png in Resources */,
				26418AB7E1520EED88A179C1 /* MainMenu.xib in Resources */,
				2641804FA39EEA04BDDC27B2 /* right.png in Resources */,
				26418B30A89965ED65EC8209 /* up.png in Resources */,
				26418AD8D88FC1BA381305BA /* left.png in Resources */,
				26418990BAAA8C09484967DD /* down.png in Resources */,
			);
			runOnlyForDeploymentPostprocessing = 0;
		};
		1381E4C71824E7E800E815F5 /* Resources */ = {
			isa = PBXResourcesBuildPhase;
			buildActionMask = 2147483647;
			files = (
				1381E4D41824E7E800E815F5 /* InfoPlist.strings in Resources */,
			);
			runOnlyForDeploymentPostprocessing = 0;
		};
/* End PBXResourcesBuildPhase section */

/* Begin PBXShellScriptBuildPhase section */
		2BFB184CE7E1856704AE9FCC /* Embed Pods Frameworks */ = {
			isa = PBXShellScriptBuildPhase;
			buildActionMask = 2147483647;
			files = (
			);
			inputPaths = (
			);
			name = "Embed Pods Frameworks";
			outputPaths = (
			);
			runOnlyForDeploymentPostprocessing = 0;
			shellPath = /bin/sh;
			shellScript = "\"${SRCROOT}/Pods/Target Support Files/Pods/Pods-frameworks.sh\"\n";
			showEnvVarsInLog = 0;
		};
		6FA8FD7ACD567068767132B6 /* Check Pods Manifest.lock */ = {
			isa = PBXShellScriptBuildPhase;
			buildActionMask = 2147483647;
			files = (
			);
			inputPaths = (
			);
			name = "Check Pods Manifest.lock";
			outputPaths = (
			);
			runOnlyForDeploymentPostprocessing = 0;
			shellPath = /bin/sh;
			shellScript = "diff \"${PODS_ROOT}/../Podfile.lock\" \"${PODS_ROOT}/Manifest.lock\" > /dev/null\nif [[ $? != 0 ]] ; then\n    cat << EOM\nerror: The sandbox is not in sync with the Podfile.lock. Run 'pod install' or update your CocoaPods installation.\nEOM\n    exit 1\nfi\n";
			showEnvVarsInLog = 0;
		};
		7F94634C533F656853C9D03A /* Copy Pods Resources */ = {
			isa = PBXShellScriptBuildPhase;
			buildActionMask = 2147483647;
			files = (
			);
			inputPaths = (
			);
			name = "Copy Pods Resources";
			outputPaths = (
			);
			runOnlyForDeploymentPostprocessing = 0;
			shellPath = /bin/sh;
			shellScript = "\"${SRCROOT}/Pods/Target Support Files/Pods/Pods-resources.sh\"\n";
			showEnvVarsInLog = 0;
		};
/* End PBXShellScriptBuildPhase section */

/* Begin PBXSourcesBuildPhase section */
		1381E4A41824E7E800E815F5 /* Sources */ = {
			isa = PBXSourcesBuildPhase;
			buildActionMask = 2147483647;
			files = (
				1381E4B81824E7E800E815F5 /* main.m in Sources */,
				1381E4BF1824E7E800E815F5 /* AppDelegate.m in Sources */,
				264183649CB68AD1A072883A /* AppPrefsWindowController.m in Sources */,
				264184A9FF52175212CBE73F /* CanvasWindow.m in Sources */,
				2641800AADBF86F6E76A37B3 /* CanvasView.m in Sources */,
				264183EEE694EB7761D6066B /* CanvasWindowController.m in Sources */,
				26418E623E410EF207EFA2A8 /* RulesList.m in Sources */,
				264182B6681E0BAFA3949CF1 /* Action.m in Sources */,
				B6F75AE31BD65BDD00A8CF63 /* AppPickerWindowController.m in Sources */,
				264183DA0542C17E1932F696 /* SRRecorderControlWithTagid.m in Sources */,
				2641813EC194C60DC1B1806D /* utils.m in Sources */,
				3CDC5543D4E5BD248515F7CA /* BlackWhiteFilter.m in Sources */,
				3CDC524D2930406CB9272085 /* MGOptionsDefine.m in Sources */,
			);
			runOnlyForDeploymentPostprocessing = 0;
		};
		1381E4C51824E7E800E815F5 /* Sources */ = {
			isa = PBXSourcesBuildPhase;
			buildActionMask = 2147483647;
			files = (
				1381E4D61824E7E800E815F5 /* MacGestureTests.m in Sources */,
			);
			runOnlyForDeploymentPostprocessing = 0;
		};
/* End PBXSourcesBuildPhase section */

/* Begin PBXTargetDependency section */
		1381E4CE1824E7E800E815F5 /* PBXTargetDependency */ = {
			isa = PBXTargetDependency;
			target = 1381E4A71824E7E800E815F5 /* MacGesture */;
			targetProxy = 1381E4CD1824E7E800E815F5 /* PBXContainerItemProxy */;
		};
/* End PBXTargetDependency section */

/* Begin PBXVariantGroup section */
		1381E4B41824E7E800E815F5 /* InfoPlist.strings */ = {
			isa = PBXVariantGroup;
			children = (
				1381E4B51824E7E800E815F5 /* en */,
			);
			name = InfoPlist.strings;
			sourceTree = "<group>";
		};
		1381E4BA1824E7E800E815F5 /* Credits.rtf */ = {
			isa = PBXVariantGroup;
			children = (
				1381E4BB1824E7E800E815F5 /* en */,
			);
			name = Credits.rtf;
			sourceTree = "<group>";
		};
		1381E4D21824E7E800E815F5 /* InfoPlist.strings */ = {
			isa = PBXVariantGroup;
			children = (
				1381E4D31824E7E800E815F5 /* en */,
			);
			name = InfoPlist.strings;
			sourceTree = "<group>";
		};
		26418E4815E00CCF5774C97C /* MainMenu.xib */ = {
			isa = PBXVariantGroup;
			children = (
				2641816292D47EE5C6214369 /* Base */,
			);
			name = MainMenu.xib;
			sourceTree = "<group>";
		};
/* End PBXVariantGroup section */

/* Begin XCBuildConfiguration section */
		1381E4D71824E7E800E815F5 /* Debug */ = {
			isa = XCBuildConfiguration;
			buildSettings = {
				ALWAYS_SEARCH_USER_PATHS = NO;
				CLANG_CXX_LANGUAGE_STANDARD = "gnu++0x";
				CLANG_CXX_LIBRARY = "libc++";
				CLANG_ENABLE_OBJC_ARC = YES;
				CLANG_WARN_BOOL_CONVERSION = YES;
				CLANG_WARN_CONSTANT_CONVERSION = YES;
				CLANG_WARN_DIRECT_OBJC_ISA_USAGE = YES_ERROR;
				CLANG_WARN_EMPTY_BODY = YES;
				CLANG_WARN_ENUM_CONVERSION = YES;
				CLANG_WARN_INT_CONVERSION = YES;
				CLANG_WARN_OBJC_ROOT_CLASS = YES_ERROR;
				CLANG_WARN__DUPLICATE_METHOD_MATCH = YES;
				COPY_PHASE_STRIP = NO;
				GCC_C_LANGUAGE_STANDARD = gnu99;
				GCC_DYNAMIC_NO_PIC = NO;
				GCC_ENABLE_OBJC_EXCEPTIONS = YES;
				GCC_OPTIMIZATION_LEVEL = 0;
				GCC_PREPROCESSOR_DEFINITIONS = (
					"DEBUG=1",
					"$(inherited)",
				);
				GCC_SYMBOLS_PRIVATE_EXTERN = NO;
				GCC_WARN_64_TO_32_BIT_CONVERSION = YES;
				GCC_WARN_ABOUT_RETURN_TYPE = YES_ERROR;
				GCC_WARN_UNDECLARED_SELECTOR = YES;
				GCC_WARN_UNINITIALIZED_AUTOS = YES;
				GCC_WARN_UNUSED_FUNCTION = YES;
				GCC_WARN_UNUSED_VARIABLE = YES;
				MACOSX_DEPLOYMENT_TARGET = 10.9;
				ONLY_ACTIVE_ARCH = YES;
				SDKROOT = macosx;
			};
			name = Debug;
		};
		1381E4D81824E7E800E815F5 /* Release */ = {
			isa = XCBuildConfiguration;
			buildSettings = {
				ALWAYS_SEARCH_USER_PATHS = NO;
				CLANG_CXX_LANGUAGE_STANDARD = "gnu++0x";
				CLANG_CXX_LIBRARY = "libc++";
				CLANG_ENABLE_OBJC_ARC = YES;
				CLANG_WARN_BOOL_CONVERSION = YES;
				CLANG_WARN_CONSTANT_CONVERSION = YES;
				CLANG_WARN_DIRECT_OBJC_ISA_USAGE = YES_ERROR;
				CLANG_WARN_EMPTY_BODY = YES;
				CLANG_WARN_ENUM_CONVERSION = YES;
				CLANG_WARN_INT_CONVERSION = YES;
				CLANG_WARN_OBJC_ROOT_CLASS = YES_ERROR;
				CLANG_WARN__DUPLICATE_METHOD_MATCH = YES;
				COPY_PHASE_STRIP = YES;
				DEBUG_INFORMATION_FORMAT = "dwarf-with-dsym";
				ENABLE_NS_ASSERTIONS = NO;
				GCC_C_LANGUAGE_STANDARD = gnu99;
				GCC_ENABLE_OBJC_EXCEPTIONS = YES;
				GCC_WARN_64_TO_32_BIT_CONVERSION = YES;
				GCC_WARN_ABOUT_RETURN_TYPE = YES_ERROR;
				GCC_WARN_UNDECLARED_SELECTOR = YES;
				GCC_WARN_UNINITIALIZED_AUTOS = YES;
				GCC_WARN_UNUSED_FUNCTION = YES;
				GCC_WARN_UNUSED_VARIABLE = YES;
				MACOSX_DEPLOYMENT_TARGET = 10.9;
				SDKROOT = macosx;
			};
			name = Release;
		};
		1381E4DA1824E7E800E815F5 /* Debug */ = {
			isa = XCBuildConfiguration;
			baseConfigurationReference = 319D16D664048735E34A0C5E /* Pods.debug.xcconfig */;
			buildSettings = {
				ASSETCATALOG_COMPILER_APPICON_NAME = AppIcon;
				COMBINE_HIDPI_IMAGES = YES;
				GCC_PRECOMPILE_PREFIX_HEADER = YES;
				GCC_PREFIX_HEADER = "MacGesture/MacGesture-Prefix.pch";
				INFOPLIST_FILE = "MacGesture/MacGesture-Info.plist";
				PRODUCT_NAME = "$(TARGET_NAME)";
				WRAPPER_EXTENSION = app;
			};
			name = Debug;
		};
		1381E4DB1824E7E800E815F5 /* Release */ = {
			isa = XCBuildConfiguration;
			baseConfigurationReference = F7252488598BED86D8B7C09B /* Pods.release.xcconfig */;
			buildSettings = {
				ASSETCATALOG_COMPILER_APPICON_NAME = AppIcon;
				COMBINE_HIDPI_IMAGES = YES;
				GCC_PRECOMPILE_PREFIX_HEADER = YES;
				GCC_PREFIX_HEADER = "MacGesture/MacGesture-Prefix.pch";
				INFOPLIST_FILE = "MacGesture/MacGesture-Info.plist";
				PRODUCT_NAME = "$(TARGET_NAME)";
				WRAPPER_EXTENSION = app;
			};
			name = Release;
		};
		1381E4DD1824E7E800E815F5 /* Debug */ = {
			isa = XCBuildConfiguration;
			buildSettings = {
				BUNDLE_LOADER = "$(BUILT_PRODUCTS_DIR)/MacGesture.app/Contents/MacOS/MacGesture";
				COMBINE_HIDPI_IMAGES = YES;
				FRAMEWORK_SEARCH_PATHS = (
					"$(DEVELOPER_FRAMEWORKS_DIR)",
					"$(inherited)",
				);
				GCC_PRECOMPILE_PREFIX_HEADER = YES;
				GCC_PREFIX_HEADER = "MacGesture/MacGesture-Prefix.pch";
				GCC_PREPROCESSOR_DEFINITIONS = (
					"DEBUG=1",
					"$(inherited)",
				);
				INFOPLIST_FILE = "MacGestureTests/MacGestureTests-Info.plist";
				PRODUCT_NAME = "$(TARGET_NAME)";
				TEST_HOST = "$(BUNDLE_LOADER)";
				WRAPPER_EXTENSION = xctest;
			};
			name = Debug;
		};
		1381E4DE1824E7E800E815F5 /* Release */ = {
			isa = XCBuildConfiguration;
			buildSettings = {
				BUNDLE_LOADER = "$(BUILT_PRODUCTS_DIR)/MacGesture.app/Contents/MacOS/MacGesture";
				COMBINE_HIDPI_IMAGES = YES;
				FRAMEWORK_SEARCH_PATHS = (
					"$(DEVELOPER_FRAMEWORKS_DIR)",
					"$(inherited)",
				);
				GCC_PRECOMPILE_PREFIX_HEADER = YES;
				GCC_PREFIX_HEADER = "MacGesture/MacGesture-Prefix.pch";
				INFOPLIST_FILE = "MacGestureTests/MacGestureTests-Info.plist";
				PRODUCT_NAME = "$(TARGET_NAME)";
				TEST_HOST = "$(BUNDLE_LOADER)";
				WRAPPER_EXTENSION = xctest;
			};
			name = Release;
		};
/* End XCBuildConfiguration section */

/* Begin XCConfigurationList section */
		1381E4A31824E7E800E815F5 /* Build configuration list for PBXProject "MacGesture" */ = {
			isa = XCConfigurationList;
			buildConfigurations = (
				1381E4D71824E7E800E815F5 /* Debug */,
				1381E4D81824E7E800E815F5 /* Release */,
			);
			defaultConfigurationIsVisible = 0;
			defaultConfigurationName = Release;
		};
		1381E4D91824E7E800E815F5 /* Build configuration list for PBXNativeTarget "MacGesture" */ = {
			isa = XCConfigurationList;
			buildConfigurations = (
				1381E4DA1824E7E800E815F5 /* Debug */,
				1381E4DB1824E7E800E815F5 /* Release */,
			);
			defaultConfigurationIsVisible = 0;
			defaultConfigurationName = Release;
		};
		1381E4DC1824E7E800E815F5 /* Build configuration list for PBXNativeTarget "MacGestureTests" */ = {
			isa = XCConfigurationList;
			buildConfigurations = (
				1381E4DD1824E7E800E815F5 /* Debug */,
				1381E4DE1824E7E800E815F5 /* Release */,
			);
			defaultConfigurationIsVisible = 0;
			defaultConfigurationName = Release;
		};
/* End XCConfigurationList section */
	};
	rootObject = 1381E4A01824E7E800E815F5 /* Project object */;
}
