// !$*UTF8*$!
{
	archiveVersion = 1;
	classes = {
	};
	objectVersion = 54;
	objects = {

/* Begin PBXBuildFile section */
		06B87A1A27383985003239A5 /* Foundation+BetterNSCopying.m in Sources */ = {isa = PBXBuildFile; fileRef = 06B87A1827383985003239A5 /* Foundation+BetterNSCopying.m */; };
		1381E4AC1824E7E800E815F5 /* Cocoa.framework in Frameworks */ = {isa = PBXBuildFile; fileRef = 1381E4AB1824E7E800E815F5 /* Cocoa.framework */; };
		1381E4B81824E7E800E815F5 /* main.m in Sources */ = {isa = PBXBuildFile; fileRef = 1381E4B71824E7E800E815F5 /* main.m */; };
		1381E4BF1824E7E800E815F5 /* AppDelegate.m in Sources */ = {isa = PBXBuildFile; fileRef = 1381E4BE1824E7E800E815F5 /* AppDelegate.m */; };
		1381E4C41824E7E800E815F5 /* Assets.xcassets in Resources */ = {isa = PBXBuildFile; fileRef = 1381E4C31824E7E800E815F5 /* Assets.xcassets */; };
		1381E4CC1824E7E800E815F5 /* Cocoa.framework in Frameworks */ = {isa = PBXBuildFile; fileRef = 1381E4AB1824E7E800E815F5 /* Cocoa.framework */; };
		1381E4D61824E7E800E815F5 /* MacGestureTests.m in Sources */ = {isa = PBXBuildFile; fileRef = 1381E4D51824E7E800E815F5 /* MacGestureTests.m */; };
		2641800AADBF86F6E76A37B3 /* CanvasView.m in Sources */ = {isa = PBXBuildFile; fileRef = 26418B1111120858F175152C /* CanvasView.m */; };
		2641813EC194C60DC1B1806D /* utils.m in Sources */ = {isa = PBXBuildFile; fileRef = 26418F4D8FB5BC803E3EB850 /* utils.m */; };
		264183649CB68AD1A072883A /* AppPrefsWindowController.m in Sources */ = {isa = PBXBuildFile; fileRef = 26418FC7DDD865F972F5D0D7 /* AppPrefsWindowController.m */; };
		264183DA0542C17E1932F696 /* SRRecorderControlWithTagid.m in Sources */ = {isa = PBXBuildFile; fileRef = 264180FBF385AF13387254C2 /* SRRecorderControlWithTagid.m */; };
		264183EEE694EB7761D6066B /* CanvasWindowController.m in Sources */ = {isa = PBXBuildFile; fileRef = 264188F91072F914D0FF443E /* CanvasWindowController.m */; };
		264184A9FF52175212CBE73F /* CanvasWindow.m in Sources */ = {isa = PBXBuildFile; fileRef = 2641881917BAF09AFC2A7CC7 /* CanvasWindow.m */; };
		26418E623E410EF207EFA2A8 /* RulesList.m in Sources */ = {isa = PBXBuildFile; fileRef = 26418733B12703C123D16E95 /* RulesList.m */; };
		3CDC524D2930406CB9272085 /* MGOptionsDefine.m in Sources */ = {isa = PBXBuildFile; fileRef = 3CDC5E8230A2649DBD0DE765 /* MGOptionsDefine.m */; };
		3CDC5543D4E5BD248515F7CA /* BlockAllowFilter.m in Sources */ = {isa = PBXBuildFile; fileRef = 3CDC55835ADD1CA85B9CCC91 /* BlockAllowFilter.m */; };
		880AA7571CA5738A006E7A74 /* Preferences.xib in Resources */ = {isa = PBXBuildFile; fileRef = 880AA7591CA5738A006E7A74 /* Preferences.xib */; };
		880AA7641CA5745D006E7A74 /* AppPickerWindowController.xib in Resources */ = {isa = PBXBuildFile; fileRef = 880AA75D1CA5745D006E7A74 /* AppPickerWindowController.xib */; };
		880AA7651CA5745D006E7A74 /* Credits.rtf in Resources */ = {isa = PBXBuildFile; fileRef = 880AA75F1CA5745D006E7A74 /* Credits.rtf */; };
		880AA7661CA5745D006E7A74 /* InfoPlist.strings in Resources */ = {isa = PBXBuildFile; fileRef = 880AA7611CA5745D006E7A74 /* InfoPlist.strings */; };
		880AA7691CA57491006E7A74 /* MainMenu.xib in Resources */ = {isa = PBXBuildFile; fileRef = 880AA7671CA57491006E7A74 /* MainMenu.xib */; };
		880AA7741CA57884006E7A74 /* Localizable.strings in Resources */ = {isa = PBXBuildFile; fileRef = 880AA7721CA57884006E7A74 /* Localizable.strings */; };
		88331A3B1C9D22290064ADD5 /* AppleScriptsList.m in Sources */ = {isa = PBXBuildFile; fileRef = 88331A3A1C9D22290064ADD5 /* AppleScriptsList.m */; };
		887E09251C8B0FD0003A4CC0 /* DefaultPreferences.plist in Resources */ = {isa = PBXBuildFile; fileRef = 887E09241C8B0FD0003A4CC0 /* DefaultPreferences.plist */; };
		88DCBC641C9D354F000727C2 /* ChromeCloseTabsToTheRight.applescript-src in Resources */ = {isa = PBXBuildFile; fileRef = 8815F63A1C9D346A00C8DB3F /* ChromeCloseTabsToTheRight.applescript-src */; };
		88EB641D1CCA33E50018A8BE /* OpenMacGesturePreferences.applescript-src in Resources */ = {isa = PBXBuildFile; fileRef = 88EB641B1CCA328C0018A8BE /* OpenMacGesturePreferences.applescript-src */; };
		B6F75AE31BD65BDD00A8CF63 /* AppPickerWindowController.m in Sources */ = {isa = PBXBuildFile; fileRef = B6F75AE11BD65BDD00A8CF63 /* AppPickerWindowController.m */; };
		BB004AFA25BD001900A7373F /* DBPrefsWindowController.m in Sources */ = {isa = PBXBuildFile; fileRef = BB004AF825BD001900A7373F /* DBPrefsWindowController.m */; };
		BB004AFF25BDA30300A7373F /* ComboColorWell.m in Sources */ = {isa = PBXBuildFile; fileRef = BB004AFE25BDA30300A7373F /* ComboColorWell.m */; };
		BBC1C8E625BCCDC600DE6816 /* WebKit.framework in Frameworks */ = {isa = PBXBuildFile; fileRef = BBC1C8E525BCCDC600DE6816 /* WebKit.framework */; };
		C610961C1DED98C700FCC263 /* CoreImage.framework in Frameworks */ = {isa = PBXBuildFile; fileRef = C610961B1DED98C700FCC263 /* CoreImage.framework */; };
		D065A3CA1D18155E0062900A /* SearchInWeb.applescript-src in Resources */ = {isa = PBXBuildFile; fileRef = D065A3C81D18154E0062900A /* SearchInWeb.applescript-src */; };
		D09FDBF51E06CDB50085FC36 /* README.html in Resources */ = {isa = PBXBuildFile; fileRef = D09FDBF31E06CDB50085FC36 /* README.html */; };
		D0B19D421E3841FD00619F4A /* AppleScript.sdef in Resources */ = {isa = PBXBuildFile; fileRef = D0B19D411E3841FD00619F4A /* AppleScript.sdef */; };
		D0B19D481E384BAE00619F4A /* AppleScriptCommand.m in Sources */ = {isa = PBXBuildFile; fileRef = D0B19D471E384BAE00619F4A /* AppleScriptCommand.m */; };
/* End PBXBuildFile section */

/* Begin PBXContainerItemProxy section */
		1381E4CD1824E7E800E815F5 /* PBXContainerItemProxy */ = {
			isa = PBXContainerItemProxy;
			containerPortal = 1381E4A01824E7E800E815F5 /* Project object */;
			proxyType = 1;
			remoteGlobalIDString = 1381E4A71824E7E800E815F5;
			remoteInfo = MacGesture;
		};
/* End PBXContainerItemProxy section */

/* Begin PBXFileReference section */
		06B87A1827383985003239A5 /* Foundation+BetterNSCopying.m */ = {isa = PBXFileReference; fileEncoding = 4; lastKnownFileType = sourcecode.c.objc; path = "Foundation+BetterNSCopying.m"; sourceTree = "<group>"; };
		06B87A1927383985003239A5 /* Foundation+BetterNSCopying.h */ = {isa = PBXFileReference; fileEncoding = 4; lastKnownFileType = sourcecode.c.h; path = "Foundation+BetterNSCopying.h"; sourceTree = "<group>"; };
		1381E4AB1824E7E800E815F5 /* Cocoa.framework */ = {isa = PBXFileReference; lastKnownFileType = wrapper.framework; name = Cocoa.framework; path = System/Library/Frameworks/Cocoa.framework; sourceTree = SDKROOT; };
		1381E4B31824E7E800E815F5 /* MacGesture-Info.plist */ = {isa = PBXFileReference; lastKnownFileType = text.plist.xml; path = "MacGesture-Info.plist"; sourceTree = "<group>"; };
		1381E4B71824E7E800E815F5 /* main.m */ = {isa = PBXFileReference; fileEncoding = 4; lastKnownFileType = sourcecode.c.objc; lineEnding = 0; path = main.m; sourceTree = "<group>"; usesTabs = 0; };
		1381E4BD1824E7E800E815F5 /* AppDelegate.h */ = {isa = PBXFileReference; fileEncoding = 4; lastKnownFileType = sourcecode.c.h; lineEnding = 0; path = AppDelegate.h; sourceTree = "<group>"; usesTabs = 0; };
		1381E4BE1824E7E800E815F5 /* AppDelegate.m */ = {isa = PBXFileReference; fileEncoding = 4; lastKnownFileType = sourcecode.c.objc; lineEnding = 0; path = AppDelegate.m; sourceTree = "<group>"; usesTabs = 0; };
		1381E4C31824E7E800E815F5 /* Assets.xcassets */ = {isa = PBXFileReference; lastKnownFileType = folder.assetcatalog; path = Assets.xcassets; sourceTree = "<group>"; };
		1381E4D11824E7E800E815F5 /* MacGestureTests-Info.plist */ = {isa = PBXFileReference; lastKnownFileType = text.plist.xml; path = "MacGestureTests-Info.plist"; sourceTree = "<group>"; };
		1381E4D51824E7E800E815F5 /* MacGestureTests.m */ = {isa = PBXFileReference; fileEncoding = 4; lastKnownFileType = sourcecode.c.objc; lineEnding = 0; path = MacGestureTests.m; sourceTree = "<group>"; usesTabs = 0; };
		264180FBF385AF13387254C2 /* SRRecorderControlWithTagid.m */ = {isa = PBXFileReference; fileEncoding = 4; lastKnownFileType = sourcecode.c.objc; lineEnding = 0; path = SRRecorderControlWithTagid.m; sourceTree = "<group>"; usesTabs = 0; };
		2641846D9674154891849969 /* SRRecorderControlWithTagid.h */ = {isa = PBXFileReference; fileEncoding = 4; lastKnownFileType = sourcecode.c.h; lineEnding = 0; path = SRRecorderControlWithTagid.h; sourceTree = "<group>"; usesTabs = 0; };
		264184868E6F3B7E8747AAA2 /* AppPrefsWindowController.h */ = {isa = PBXFileReference; fileEncoding = 4; lastKnownFileType = sourcecode.c.h; lineEnding = 0; path = AppPrefsWindowController.h; sourceTree = "<group>"; usesTabs = 0; };
		264184DD0A5ACE29690D7EF2 /* CanvasView.h */ = {isa = PBXFileReference; fileEncoding = 4; lastKnownFileType = sourcecode.c.h; lineEnding = 0; path = CanvasView.h; sourceTree = "<group>"; usesTabs = 0; };
		2641853CD8AE42C95077D980 /* RulesList.h */ = {isa = PBXFileReference; fileEncoding = 4; lastKnownFileType = sourcecode.c.h; lineEnding = 0; path = RulesList.h; sourceTree = "<group>"; usesTabs = 0; };
		26418733B12703C123D16E95 /* RulesList.m */ = {isa = PBXFileReference; fileEncoding = 4; lastKnownFileType = sourcecode.c.objc; lineEnding = 0; path = RulesList.m; sourceTree = "<group>"; usesTabs = 0; };
		264187BE8168A714F0DB88B7 /* CanvasWindowController.h */ = {isa = PBXFileReference; fileEncoding = 4; lastKnownFileType = sourcecode.c.h; lineEnding = 0; path = CanvasWindowController.h; sourceTree = "<group>"; usesTabs = 0; };
		2641881917BAF09AFC2A7CC7 /* CanvasWindow.m */ = {isa = PBXFileReference; fileEncoding = 4; lastKnownFileType = sourcecode.c.objc; lineEnding = 0; path = CanvasWindow.m; sourceTree = "<group>"; usesTabs = 0; };
		264188F91072F914D0FF443E /* CanvasWindowController.m */ = {isa = PBXFileReference; fileEncoding = 4; lastKnownFileType = sourcecode.c.objc; lineEnding = 0; path = CanvasWindowController.m; sourceTree = "<group>"; usesTabs = 0; };
		26418B1111120858F175152C /* CanvasView.m */ = {isa = PBXFileReference; fileEncoding = 4; lastKnownFileType = sourcecode.c.objc; lineEnding = 0; path = CanvasView.m; sourceTree = "<group>"; usesTabs = 0; };
		26418C419A597E159158ED0D /* utils.h */ = {isa = PBXFileReference; fileEncoding = 4; lastKnownFileType = sourcecode.c.h; lineEnding = 0; path = utils.h; sourceTree = "<group>"; usesTabs = 0; };
		26418D5612632F8BDA1AE8CA /* CanvasWindow.h */ = {isa = PBXFileReference; fileEncoding = 4; lastKnownFileType = sourcecode.c.h; lineEnding = 0; path = CanvasWindow.h; sourceTree = "<group>"; usesTabs = 0; };
		26418F4D8FB5BC803E3EB850 /* utils.m */ = {isa = PBXFileReference; fileEncoding = 4; lastKnownFileType = sourcecode.c.objc; lineEnding = 0; path = utils.m; sourceTree = "<group>"; usesTabs = 0; };
		26418FC7DDD865F972F5D0D7 /* AppPrefsWindowController.m */ = {isa = PBXFileReference; fileEncoding = 4; lastKnownFileType = sourcecode.c.objc; lineEnding = 0; path = AppPrefsWindowController.m; sourceTree = "<group>"; usesTabs = 0; };
		3CDC55835ADD1CA85B9CCC91 /* BlockAllowFilter.m */ = {isa = PBXFileReference; fileEncoding = 4; lastKnownFileType = sourcecode.c.objc; lineEnding = 0; path = BlockAllowFilter.m; sourceTree = "<group>"; usesTabs = 0; };
		3CDC56147BD933CE0A3EC116 /* MGOptionsDefine.h */ = {isa = PBXFileReference; fileEncoding = 4; lastKnownFileType = sourcecode.c.h; lineEnding = 0; path = MGOptionsDefine.h; sourceTree = "<group>"; usesTabs = 0; };
		3CDC5A614857FE77ADFEA4C8 /* BlockAllowFilter.h */ = {isa = PBXFileReference; fileEncoding = 4; lastKnownFileType = sourcecode.c.h; lineEnding = 0; path = BlockAllowFilter.h; sourceTree = "<group>"; usesTabs = 0; };
		3CDC5E8230A2649DBD0DE765 /* MGOptionsDefine.m */ = {isa = PBXFileReference; fileEncoding = 4; lastKnownFileType = sourcecode.c.objc; lineEnding = 0; path = MGOptionsDefine.m; sourceTree = "<group>"; usesTabs = 0; };
		880AA7751CA64DDB006E7A74 /* Base */ = {isa = PBXFileReference; lastKnownFileType = file.xib; name = Base; path = Base.lproj/MainMenu.xib; sourceTree = "<group>"; };
		880AA7781CA64E62006E7A74 /* Base */ = {isa = PBXFileReference; lastKnownFileType = file.xib; name = Base; path = Base.lproj/AppPickerWindowController.xib; sourceTree = "<group>"; };
		880AA77A1CA64E7C006E7A74 /* Base */ = {isa = PBXFileReference; lastKnownFileType = text.rtf; name = Base; path = Base.lproj/Credits.rtf; sourceTree = "<group>"; };
		880AA77C1CA64E88006E7A74 /* Base */ = {isa = PBXFileReference; lastKnownFileType = file.xib; name = Base; path = Base.lproj/Preferences.xib; sourceTree = "<group>"; };
		880AA77E1CA64EB7006E7A74 /* Base */ = {isa = PBXFileReference; lastKnownFileType = text.plist.strings; name = Base; path = Base.lproj/Localizable.strings; sourceTree = "<group>"; };
		8815F63A1C9D346A00C8DB3F /* ChromeCloseTabsToTheRight.applescript-src */ = {isa = PBXFileReference; fileEncoding = 4; lastKnownFileType = text; path = "ChromeCloseTabsToTheRight.applescript-src"; sourceTree = "<group>"; };
		88331A391C9D22290064ADD5 /* AppleScriptsList.h */ = {isa = PBXFileReference; fileEncoding = 4; lastKnownFileType = sourcecode.c.h; lineEnding = 0; path = AppleScriptsList.h; sourceTree = "<group>"; usesTabs = 0; };
		88331A3A1C9D22290064ADD5 /* AppleScriptsList.m */ = {isa = PBXFileReference; fileEncoding = 4; lastKnownFileType = sourcecode.c.objc; lineEnding = 0; path = AppleScriptsList.m; sourceTree = "<group>"; usesTabs = 0; };
		887E09241C8B0FD0003A4CC0 /* DefaultPreferences.plist */ = {isa = PBXFileReference; fileEncoding = 4; lastKnownFileType = text.plist.xml; path = DefaultPreferences.plist; sourceTree = "<group>"; };
		88EB641B1CCA328C0018A8BE /* OpenMacGesturePreferences.applescript-src */ = {isa = PBXFileReference; fileEncoding = 4; lastKnownFileType = text; path = "OpenMacGesturePreferences.applescript-src"; sourceTree = "<group>"; };
		B6F75AE01BD65BDD00A8CF63 /* AppPickerWindowController.h */ = {isa = PBXFileReference; fileEncoding = 4; lastKnownFileType = sourcecode.c.h; lineEnding = 0; path = AppPickerWindowController.h; sourceTree = "<group>"; usesTabs = 0; };
		B6F75AE11BD65BDD00A8CF63 /* AppPickerWindowController.m */ = {isa = PBXFileReference; fileEncoding = 4; lastKnownFileType = sourcecode.c.objc; lineEnding = 0; path = AppPickerWindowController.m; sourceTree = "<group>"; usesTabs = 0; };
		BB004AF825BD001900A7373F /* DBPrefsWindowController.m */ = {isa = PBXFileReference; fileEncoding = 4; lastKnownFileType = sourcecode.c.objc; path = DBPrefsWindowController.m; sourceTree = "<group>"; };
		BB004AF925BD001900A7373F /* DBPrefsWindowController.h */ = {isa = PBXFileReference; fileEncoding = 4; lastKnownFileType = sourcecode.c.h; path = DBPrefsWindowController.h; sourceTree = "<group>"; };
		BB004AFD25BDA30300A7373F /* ComboColorWell.h */ = {isa = PBXFileReference; lastKnownFileType = sourcecode.c.h; path = ComboColorWell.h; sourceTree = "<group>"; };
		BB004AFE25BDA30300A7373F /* ComboColorWell.m */ = {isa = PBXFileReference; lastKnownFileType = sourcecode.c.objc; path = ComboColorWell.m; sourceTree = "<group>"; };
		BBC1C8C525BCA21F00DE6816 /* zh-Hans */ = {isa = PBXFileReference; lastKnownFileType = text.plist.strings; name = "zh-Hans"; path = "zh-Hans.lproj/MainMenu.strings"; sourceTree = "<group>"; };
		BBC1C8C625BCA21F00DE6816 /* zh-Hans */ = {isa = PBXFileReference; lastKnownFileType = text.plist.strings; name = "zh-Hans"; path = "zh-Hans.lproj/Preferences.strings"; sourceTree = "<group>"; };
		BBC1C8C725BCA21F00DE6816 /* zh-Hans */ = {isa = PBXFileReference; lastKnownFileType = text.plist.strings; name = "zh-Hans"; path = "zh-Hans.lproj/AppPickerWindowController.strings"; sourceTree = "<group>"; };
		BBC1C8C825BCA21F00DE6816 /* zh-Hans */ = {isa = PBXFileReference; lastKnownFileType = text.plist.strings; name = "zh-Hans"; path = "zh-Hans.lproj/Localizable.strings"; sourceTree = "<group>"; };
		BBC1C8E525BCCDC600DE6816 /* WebKit.framework */ = {isa = PBXFileReference; lastKnownFileType = wrapper.framework; name = WebKit.framework; path = System/Library/Frameworks/WebKit.framework; sourceTree = SDKROOT; };
		BBCB98BB25C4114E0020592A /* en */ = {isa = PBXFileReference; lastKnownFileType = text.plist.strings; name = en; path = en.lproj/Localizable.strings; sourceTree = "<group>"; };
		BBCB99BF25C4593E0020592A /* cs */ = {isa = PBXFileReference; lastKnownFileType = text.plist.strings; name = cs; path = cs.lproj/MainMenu.strings; sourceTree = "<group>"; };
		BBCB99C025C4593E0020592A /* cs */ = {isa = PBXFileReference; lastKnownFileType = text.plist.strings; name = cs; path = cs.lproj/Preferences.strings; sourceTree = "<group>"; };
		BBCB99C125C4593E0020592A /* cs */ = {isa = PBXFileReference; lastKnownFileType = text.plist.strings; name = cs; path = cs.lproj/AppPickerWindowController.strings; sourceTree = "<group>"; };
		BBCB99C225C4593E0020592A /* cs */ = {isa = PBXFileReference; lastKnownFileType = text.plist.strings; name = cs; path = cs.lproj/Localizable.strings; sourceTree = "<group>"; };
		C610961B1DED98C700FCC263 /* CoreImage.framework */ = {isa = PBXFileReference; lastKnownFileType = wrapper.framework; name = CoreImage.framework; path = System/Library/Frameworks/CoreImage.framework; sourceTree = SDKROOT; };
		D02885E11EF29CDE0082A660 /* Base */ = {isa = PBXFileReference; lastKnownFileType = text.plist.strings; name = Base; path = Base.lproj/InfoPlist.strings; sourceTree = "<group>"; };
		D065A3C81D18154E0062900A /* SearchInWeb.applescript-src */ = {isa = PBXFileReference; fileEncoding = 4; lastKnownFileType = text; path = "SearchInWeb.applescript-src"; sourceTree = "<group>"; };
		D0B19D411E3841FD00619F4A /* AppleScript.sdef */ = {isa = PBXFileReference; fileEncoding = 4; lastKnownFileType = text.xml; path = AppleScript.sdef; sourceTree = "<group>"; };
		D0B19D461E384BAE00619F4A /* AppleScriptCommand.h */ = {isa = PBXFileReference; fileEncoding = 4; lastKnownFileType = sourcecode.c.h; lineEnding = 0; path = AppleScriptCommand.h; sourceTree = "<group>"; usesTabs = 0; };
		D0B19D471E384BAE00619F4A /* AppleScriptCommand.m */ = {isa = PBXFileReference; fileEncoding = 4; lastKnownFileType = sourcecode.c.objc; lineEnding = 0; path = AppleScriptCommand.m; sourceTree = "<group>"; usesTabs = 0; };
		D6B13184249E54270014F55E /* AppKit.framework */ = {isa = PBXFileReference; lastKnownFileType = wrapper.framework; name = AppKit.framework; path = System/Library/Frameworks/AppKit.framework; sourceTree = SDKROOT; };
		D6B13185249E54300014F55E /* CoreData.framework */ = {isa = PBXFileReference; lastKnownFileType = wrapper.framework; name = CoreData.framework; path = System/Library/Frameworks/CoreData.framework; sourceTree = SDKROOT; };
		D6B13186249E54330014F55E /* Foundation.framework */ = {isa = PBXFileReference; lastKnownFileType = wrapper.framework; name = Foundation.framework; path = System/Library/Frameworks/Foundation.framework; sourceTree = SDKROOT; };
		D6B13187249E54550014F55E /* Base */ = {isa = PBXFileReference; lastKnownFileType = text.html; name = Base; path = Base.lproj/README.html; sourceTree = "<group>"; };
		D6B1318B249E54D00014F55E /* en */ = {isa = PBXFileReference; lastKnownFileType = text.plist.strings; name = en; path = en.lproj/MainMenu.strings; sourceTree = "<group>"; };
		D6B1318D249E54E10014F55E /* en */ = {isa = PBXFileReference; lastKnownFileType = text.plist.strings; name = en; path = en.lproj/AppPickerWindowController.strings; sourceTree = "<group>"; };
		D6B1318F249E55C90014F55E /* en */ = {isa = PBXFileReference; lastKnownFileType = text.plist.strings; name = en; path = en.lproj/Preferences.strings; sourceTree = "<group>"; };
		EF4E7293249AAF960095B982 /* MacGesture.app */ = {isa = PBXFileReference; explicitFileType = wrapper.application; includeInIndex = 0; path = MacGesture.app; sourceTree = BUILT_PRODUCTS_DIR; };
		EF4E72C5249ABAE00095B982 /* Config.xcconfig */ = {isa = PBXFileReference; lastKnownFileType = text.xcconfig; path = Config.xcconfig; sourceTree = "<group>"; };
		EF8ECEC8249EC5F2004C2563 /* MacGesture.entitlements */ = {isa = PBXFileReference; lastKnownFileType = text.plist.entitlements; path = MacGesture.entitlements; sourceTree = "<group>"; };
/* End PBXFileReference section */

/* Begin PBXFrameworksBuildPhase section */
		1381E4A51824E7E800E815F5 /* Frameworks */ = {
			isa = PBXFrameworksBuildPhase;
			buildActionMask = 2147483647;
			files = (
				C610961C1DED98C700FCC263 /* CoreImage.framework in Frameworks */,
				1381E4AC1824E7E800E815F5 /* Cocoa.framework in Frameworks */,
				BBC1C8E625BCCDC600DE6816 /* WebKit.framework in Frameworks */,
			);
			runOnlyForDeploymentPostprocessing = 0;
		};
		1381E4C61824E7E800E815F5 /* Frameworks */ = {
			isa = PBXFrameworksBuildPhase;
			buildActionMask = 2147483647;
			files = (
				1381E4CC1824E7E800E815F5 /* Cocoa.framework in Frameworks */,
			);
			runOnlyForDeploymentPostprocessing = 0;
		};
/* End PBXFrameworksBuildPhase section */

/* Begin PBXGroup section */
		1381E49F1824E7E800E815F5 = {
			isa = PBXGroup;
			children = (
				1381E4B11824E7E800E815F5 /* MacGesture */,
				1381E4CF1824E7E800E815F5 /* MacGestureTests */,
				1381E4AA1824E7E800E815F5 /* Frameworks */,
				1381E4A91824E7E800E815F5 /* Products */,
			);
			sourceTree = "<group>";
		};
		1381E4A91824E7E800E815F5 /* Products */ = {
			isa = PBXGroup;
			children = (
				EF4E7293249AAF960095B982 /* MacGesture.app */,
			);
			name = Products;
			sourceTree = "<group>";
		};
		1381E4AA1824E7E800E815F5 /* Frameworks */ = {
			isa = PBXGroup;
			children = (
				D6B13184249E54270014F55E /* AppKit.framework */,
				1381E4AB1824E7E800E815F5 /* Cocoa.framework */,
				D6B13185249E54300014F55E /* CoreData.framework */,
				C610961B1DED98C700FCC263 /* CoreImage.framework */,
				D6B13186249E54330014F55E /* Foundation.framework */,
				BBC1C8E525BCCDC600DE6816 /* WebKit.framework */,
			);
			name = Frameworks;
			sourceTree = "<group>";
		};
		1381E4B11824E7E800E815F5 /* MacGesture */ = {
			isa = PBXGroup;
			children = (
				EF4E721F249A886C0095B982 /* Views */,
				EF4E721E249A880A0095B982 /* Controllers */,
				3CDC5D998F35E9F8C91C7789 /* Models */,
				EF8ECEC9249FC4A8004C2563 /* Helpers */,
				264189E588806C286B6552A8 /* Resources */,
				1381E4B21824E7E800E815F5 /* Supporting Files */,
				1381E4BD1824E7E800E815F5 /* AppDelegate.h */,
				1381E4BE1824E7E800E815F5 /* AppDelegate.m */,
				D0B19D411E3841FD00619F4A /* AppleScript.sdef */,
				EF8ECEC8249EC5F2004C2563 /* MacGesture.entitlements */,
			);
			path = MacGesture;
			sourceTree = "<group>";
		};
		1381E4B21824E7E800E815F5 /* Supporting Files */ = {
			isa = PBXGroup;
			children = (
				EF4E72C5249ABAE00095B982 /* Config.xcconfig */,
				1381E4B31824E7E800E815F5 /* MacGesture-Info.plist */,
				1381E4B71824E7E800E815F5 /* main.m */,
			);
			path = "Supporting Files";
			sourceTree = "<group>";
		};
		1381E4CF1824E7E800E815F5 /* MacGestureTests */ = {
			isa = PBXGroup;
			children = (
				1381E4D01824E7E800E815F5 /* Supporting Files */,
				1381E4D51824E7E800E815F5 /* MacGestureTests.m */,
			);
			path = MacGestureTests;
			sourceTree = "<group>";
		};
		1381E4D01824E7E800E815F5 /* Supporting Files */ = {
			isa = PBXGroup;
			children = (
				1381E4D11824E7E800E815F5 /* MacGestureTests-Info.plist */,
			);
			path = "Supporting Files";
			sourceTree = "<group>";
		};
		264189E588806C286B6552A8 /* Resources */ = {
			isa = PBXGroup;
			children = (
				1381E4C31824E7E800E815F5 /* Assets.xcassets */,
				880AA7671CA57491006E7A74 /* MainMenu.xib */,
				880AA7591CA5738A006E7A74 /* Preferences.xib */,
				880AA75D1CA5745D006E7A74 /* AppPickerWindowController.xib */,
				8815F63A1C9D346A00C8DB3F /* ChromeCloseTabsToTheRight.applescript-src */,
				88EB641B1CCA328C0018A8BE /* OpenMacGesturePreferences.applescript-src */,
				D065A3C81D18154E0062900A /* SearchInWeb.applescript-src */,
				887E09241C8B0FD0003A4CC0 /* DefaultPreferences.plist */,
				880AA7611CA5745D006E7A74 /* InfoPlist.strings */,
				880AA7721CA57884006E7A74 /* Localizable.strings */,
				880AA75F1CA5745D006E7A74 /* Credits.rtf */,
				D09FDBF31E06CDB50085FC36 /* README.html */,
			);
			path = Resources;
			sourceTree = "<group>";
		};
		3CDC5D998F35E9F8C91C7789 /* Models */ = {
			isa = PBXGroup;
			children = (
				D0B19D461E384BAE00619F4A /* AppleScriptCommand.h */,
				D0B19D471E384BAE00619F4A /* AppleScriptCommand.m */,
				88331A391C9D22290064ADD5 /* AppleScriptsList.h */,
				88331A3A1C9D22290064ADD5 /* AppleScriptsList.m */,
				3CDC5A614857FE77ADFEA4C8 /* BlockAllowFilter.h */,
				3CDC55835ADD1CA85B9CCC91 /* BlockAllowFilter.m */,
				3CDC56147BD933CE0A3EC116 /* MGOptionsDefine.h */,
				3CDC5E8230A2649DBD0DE765 /* MGOptionsDefine.m */,
				2641853CD8AE42C95077D980 /* RulesList.h */,
				26418733B12703C123D16E95 /* RulesList.m */,
			);
			path = Models;
			sourceTree = "<group>";
		};
		EF4E721E249A880A0095B982 /* Controllers */ = {
			isa = PBXGroup;
			children = (
				B6F75AE01BD65BDD00A8CF63 /* AppPickerWindowController.h */,
				B6F75AE11BD65BDD00A8CF63 /* AppPickerWindowController.m */,
				264184868E6F3B7E8747AAA2 /* AppPrefsWindowController.h */,
				26418FC7DDD865F972F5D0D7 /* AppPrefsWindowController.m */,
				264187BE8168A714F0DB88B7 /* CanvasWindowController.h */,
				264188F91072F914D0FF443E /* CanvasWindowController.m */,
			);
			path = Controllers;
			sourceTree = "<group>";
		};
		EF4E721F249A886C0095B982 /* Views */ = {
			isa = PBXGroup;
			children = (
				264184DD0A5ACE29690D7EF2 /* CanvasView.h */,
				26418B1111120858F175152C /* CanvasView.m */,
				26418D5612632F8BDA1AE8CA /* CanvasWindow.h */,
				2641881917BAF09AFC2A7CC7 /* CanvasWindow.m */,
			);
			path = Views;
			sourceTree = "<group>";
		};
		EF8ECEC9249FC4A8004C2563 /* Helpers */ = {
			isa = PBXGroup;
			children = (
				BB004AFD25BDA30300A7373F /* ComboColorWell.h */,
				BB004AFE25BDA30300A7373F /* ComboColorWell.m */,
				BB004AF925BD001900A7373F /* DBPrefsWindowController.h */,
				BB004AF825BD001900A7373F /* DBPrefsWindowController.m */,
				06B87A1927383985003239A5 /* Foundation+BetterNSCopying.h */,
				06B87A1827383985003239A5 /* Foundation+BetterNSCopying.m */,
				2641846D9674154891849969 /* SRRecorderControlWithTagid.h */,
				264180FBF385AF13387254C2 /* SRRecorderControlWithTagid.m */,
				26418C419A597E159158ED0D /* utils.h */,
				26418F4D8FB5BC803E3EB850 /* utils.m */,
			);
			path = Helpers;
			sourceTree = "<group>";
		};
/* End PBXGroup section */

/* Begin PBXNativeTarget section */
		1381E4A71824E7E800E815F5 /* MacGesture */ = {
			isa = PBXNativeTarget;
			buildConfigurationList = 1381E4D91824E7E800E815F5 /* Build configuration list for PBXNativeTarget "MacGesture" */;
			buildPhases = (
				1381E4A41824E7E800E815F5 /* Sources */,
				1381E4A51824E7E800E815F5 /* Frameworks */,
				1381E4A61824E7E800E815F5 /* Resources */,
				D02885E91EF29E1B0082A660 /* Update Translations */,
			);
			buildRules = (
			);
			dependencies = (
			);
			name = MacGesture;
			productName = MacGesture;
			productReference = EF4E7293249AAF960095B982 /* MacGesture.app */;
			productType = "com.apple.product-type.application";
		};
		1381E4C81824E7E800E815F5 /* MacGestureTests */ = {
			isa = PBXNativeTarget;
			buildConfigurationList = 1381E4DC1824E7E800E815F5 /* Build configuration list for PBXNativeTarget "MacGestureTests" */;
			buildPhases = (
				1381E4C51824E7E800E815F5 /* Sources */,
				1381E4C61824E7E800E815F5 /* Frameworks */,
				1381E4C71824E7E800E815F5 /* Resources */,
			);
			buildRules = (
			);
			dependencies = (
				1381E4CE1824E7E800E815F5 /* PBXTargetDependency */,
			);
			name = MacGestureTests;
			productName = MacGestureTests;
			productType = "com.apple.product-type.bundle.unit-test";
		};
/* End PBXNativeTarget section */

/* Begin PBXProject section */
		1381E4A01824E7E800E815F5 /* Project object */ = {
			isa = PBXProject;
			attributes = {
				CLASSPREFIX = MCG;
				LastUpgradeCheck = 1240;
				ORGANIZATIONNAME = MacGesture;
				TargetAttributes = {
					1381E4A71824E7E800E815F5 = {
						ProvisioningStyle = Automatic;
					};
					1381E4C81824E7E800E815F5 = {
						TestTargetID = 1381E4A71824E7E800E815F5;
					};
				};
			};
			buildConfigurationList = 1381E4A31824E7E800E815F5 /* Build configuration list for PBXProject "MacGesture" */;
			compatibilityVersion = "Xcode 12.0";
			developmentRegion = en;
			hasScannedForEncodings = 0;
			knownRegions = (
				Base,
				en,
				"zh-Hans",
				cs,
			);
			mainGroup = 1381E49F1824E7E800E815F5;
			productRefGroup = 1381E4A91824E7E800E815F5 /* Products */;
			projectDirPath = "";
			projectRoot = "";
			targets = (
				1381E4A71824E7E800E815F5 /* MacGesture */,
				1381E4C81824E7E800E815F5 /* MacGestureTests */,
			);
		};
/* End PBXProject section */

/* Begin PBXResourcesBuildPhase section */
		1381E4A61824E7E800E815F5 /* Resources */ = {
			isa = PBXResourcesBuildPhase;
			buildActionMask = 2147483647;
			files = (
				D09FDBF51E06CDB50085FC36 /* README.html in Resources */,
				D065A3CA1D18155E0062900A /* SearchInWeb.applescript-src in Resources */,
				88EB641D1CCA33E50018A8BE /* OpenMacGesturePreferences.applescript-src in Resources */,
				88DCBC641C9D354F000727C2 /* ChromeCloseTabsToTheRight.applescript-src in Resources */,
				880AA7661CA5745D006E7A74 /* InfoPlist.strings in Resources */,
				1381E4C41824E7E800E815F5 /* Assets.xcassets in Resources */,
				880AA7691CA57491006E7A74 /* MainMenu.xib in Resources */,
				880AA7741CA57884006E7A74 /* Localizable.strings in Resources */,
				880AA7641CA5745D006E7A74 /* AppPickerWindowController.xib in Resources */,
				880AA7571CA5738A006E7A74 /* Preferences.xib in Resources */,
				D0B19D421E3841FD00619F4A /* AppleScript.sdef in Resources */,
				887E09251C8B0FD0003A4CC0 /* DefaultPreferences.plist in Resources */,
				880AA7651CA5745D006E7A74 /* Credits.rtf in Resources */,
			);
			runOnlyForDeploymentPostprocessing = 0;
		};
		1381E4C71824E7E800E815F5 /* Resources */ = {
			isa = PBXResourcesBuildPhase;
			buildActionMask = 2147483647;
			files = (
			);
			runOnlyForDeploymentPostprocessing = 0;
		};
/* End PBXResourcesBuildPhase section */

/* Begin PBXShellScriptBuildPhase section */
		D02885E91EF29E1B0082A660 /* Update Translations */ = {
			isa = PBXShellScriptBuildPhase;
			buildActionMask = 2147483647;
			files = (
			);
			inputPaths = (
			);
			name = "Update Translations";
			outputPaths = (
			);
			runOnlyForDeploymentPostprocessing = 0;
			shellPath = /bin/sh;
			shellScript = "if which bartycrouch > /dev/null; then\n    bartycrouch update\nelse\n    echo \"warning: BartyCrouch not installed, download it from https://github.com/Flinesoft/BartyCrouch\"\n    echo \"         or using Homebrew by running `brew install bartycrouch` command\"\nfi\n";
		};
/* End PBXShellScriptBuildPhase section */

/* Begin PBXSourcesBuildPhase section */
		1381E4A41824E7E800E815F5 /* Sources */ = {
			isa = PBXSourcesBuildPhase;
			buildActionMask = 2147483647;
			files = (
				1381E4B81824E7E800E815F5 /* main.m in Sources */,
				1381E4BF1824E7E800E815F5 /* AppDelegate.m in Sources */,
				88331A3B1C9D22290064ADD5 /* AppleScriptsList.m in Sources */,
				06B87A1A27383985003239A5 /* Foundation+BetterNSCopying.m in Sources */,
				BB004AFA25BD001900A7373F /* DBPrefsWindowController.m in Sources */,
				264183649CB68AD1A072883A /* AppPrefsWindowController.m in Sources */,
				264184A9FF52175212CBE73F /* CanvasWindow.m in Sources */,
				2641800AADBF86F6E76A37B3 /* CanvasView.m in Sources */,
				D0B19D481E384BAE00619F4A /* AppleScriptCommand.m in Sources */,
				264183EEE694EB7761D6066B /* CanvasWindowController.m in Sources */,
				26418E623E410EF207EFA2A8 /* RulesList.m in Sources */,
				B6F75AE31BD65BDD00A8CF63 /* AppPickerWindowController.m in Sources */,
				264183DA0542C17E1932F696 /* SRRecorderControlWithTagid.m in Sources */,
				2641813EC194C60DC1B1806D /* utils.m in Sources */,
				3CDC5543D4E5BD248515F7CA /* BlockAllowFilter.m in Sources */,
				BB004AFF25BDA30300A7373F /* ComboColorWell.m in Sources */,
				3CDC524D2930406CB9272085 /* MGOptionsDefine.m in Sources */,
			);
			runOnlyForDeploymentPostprocessing = 0;
		};
		1381E4C51824E7E800E815F5 /* Sources */ = {
			isa = PBXSourcesBuildPhase;
			buildActionMask = 2147483647;
			files = (
				1381E4D61824E7E800E815F5 /* MacGestureTests.m in Sources */,
			);
			runOnlyForDeploymentPostprocessing = 0;
		};
/* End PBXSourcesBuildPhase section */

/* Begin PBXTargetDependency section */
		1381E4CE1824E7E800E815F5 /* PBXTargetDependency */ = {
			isa = PBXTargetDependency;
			target = 1381E4A71824E7E800E815F5 /* MacGesture */;
			targetProxy = 1381E4CD1824E7E800E815F5 /* PBXContainerItemProxy */;
		};
/* End PBXTargetDependency section */

/* Begin PBXVariantGroup section */
		880AA7591CA5738A006E7A74 /* Preferences.xib */ = {
			isa = PBXVariantGroup;
			children = (
				880AA77C1CA64E88006E7A74 /* Base */,
				D6B1318F249E55C90014F55E /* en */,
				BBC1C8C625BCA21F00DE6816 /* zh-Hans */,
				BBCB99C025C4593E0020592A /* cs */,
			);
			name = Preferences.xib;
			path = .;
			sourceTree = "<group>";
		};
		880AA75D1CA5745D006E7A74 /* AppPickerWindowController.xib */ = {
			isa = PBXVariantGroup;
			children = (
				880AA7781CA64E62006E7A74 /* Base */,
				D6B1318D249E54E10014F55E /* en */,
				BBC1C8C725BCA21F00DE6816 /* zh-Hans */,
				BBCB99C125C4593E0020592A /* cs */,
			);
			name = AppPickerWindowController.xib;
			path = .;
			sourceTree = "<group>";
		};
		880AA75F1CA5745D006E7A74 /* Credits.rtf */ = {
			isa = PBXVariantGroup;
			children = (
				880AA77A1CA64E7C006E7A74 /* Base */,
			);
			name = Credits.rtf;
			path = .;
			sourceTree = "<group>";
		};
		880AA7611CA5745D006E7A74 /* InfoPlist.strings */ = {
			isa = PBXVariantGroup;
			children = (
				D02885E11EF29CDE0082A660 /* Base */,
			);
			name = InfoPlist.strings;
			path = .;
			sourceTree = "<group>";
		};
		880AA7671CA57491006E7A74 /* MainMenu.xib */ = {
			isa = PBXVariantGroup;
			children = (
				880AA7751CA64DDB006E7A74 /* Base */,
				D6B1318B249E54D00014F55E /* en */,
				BBC1C8C525BCA21F00DE6816 /* zh-Hans */,
				BBCB99BF25C4593E0020592A /* cs */,
			);
			name = MainMenu.xib;
			path = .;
			sourceTree = "<group>";
		};
		880AA7721CA57884006E7A74 /* Localizable.strings */ = {
			isa = PBXVariantGroup;
			children = (
				880AA77E1CA64EB7006E7A74 /* Base */,
				BBCB98BB25C4114E0020592A /* en */,
				BBC1C8C825BCA21F00DE6816 /* zh-Hans */,
				BBCB99C225C4593E0020592A /* cs */,
			);
			name = Localizable.strings;
			path = .;
			sourceTree = "<group>";
		};
		D09FDBF31E06CDB50085FC36 /* README.html */ = {
			isa = PBXVariantGroup;
			children = (
				D6B13187249E54550014F55E /* Base */,
			);
			name = README.html;
			path = .;
			sourceTree = "<group>";
		};
/* End PBXVariantGroup section */

/* Begin XCBuildConfiguration section */
		1381E4D71824E7E800E815F5 /* Debug */ = {
			isa = XCBuildConfiguration;
			baseConfigurationReference = EF4E72C5249ABAE00095B982 /* Config.xcconfig */;
			buildSettings = {
				ALWAYS_SEARCH_USER_PATHS = NO;
				CLANG_ANALYZER_LOCALIZABILITY_NONLOCALIZED = YES;
				CLANG_ENABLE_OBJC_ARC = YES;
				CLANG_WARN_BLOCK_CAPTURE_AUTORELEASING = YES;
				CLANG_WARN_BOOL_CONVERSION = YES;
				CLANG_WARN_COMMA = YES;
				CLANG_WARN_CONSTANT_CONVERSION = YES;
				CLANG_WARN_DEPRECATED_OBJC_IMPLEMENTATIONS = YES;
				CLANG_WARN_DIRECT_OBJC_ISA_USAGE = YES_ERROR;
				CLANG_WARN_EMPTY_BODY = YES;
				CLANG_WARN_ENUM_CONVERSION = YES;
				CLANG_WARN_INFINITE_RECURSION = YES;
				CLANG_WARN_INT_CONVERSION = YES;
				CLANG_WARN_NON_LITERAL_NULL_CONVERSION = YES;
				CLANG_WARN_OBJC_IMPLICIT_RETAIN_SELF = YES;
				CLANG_WARN_OBJC_LITERAL_CONVERSION = YES;
				CLANG_WARN_OBJC_ROOT_CLASS = YES_ERROR;
				CLANG_WARN_QUOTED_INCLUDE_IN_FRAMEWORK_HEADER = YES;
				CLANG_WARN_RANGE_LOOP_ANALYSIS = YES;
				CLANG_WARN_STRICT_PROTOTYPES = YES;
				CLANG_WARN_SUSPICIOUS_MOVE = YES;
				CLANG_WARN_UNREACHABLE_CODE = YES;
				CLANG_WARN__DUPLICATE_METHOD_MATCH = YES;
				COPY_PHASE_STRIP = NO;
				DEBUG_INFORMATION_FORMAT = dwarf;
				ENABLE_NS_ASSERTIONS = YES;
				ENABLE_STRICT_OBJC_MSGSEND = YES;
				ENABLE_TESTABILITY = YES;
				GCC_DYNAMIC_NO_PIC = NO;
				GCC_ENABLE_OBJC_EXCEPTIONS = YES;
				GCC_NO_COMMON_BLOCKS = YES;
				GCC_OPTIMIZATION_LEVEL = 0;
				GCC_PREPROCESSOR_DEFINITIONS = (
					"DEBUG=1",
					"$(inherited)",
				);
				GCC_SYMBOLS_PRIVATE_EXTERN = NO;
				GCC_WARN_64_TO_32_BIT_CONVERSION = YES;
				GCC_WARN_ABOUT_RETURN_TYPE = YES_ERROR;
				GCC_WARN_UNDECLARED_SELECTOR = YES;
				GCC_WARN_UNINITIALIZED_AUTOS = YES;
				GCC_WARN_UNUSED_FUNCTION = YES;
				GCC_WARN_UNUSED_VARIABLE = YES;
				MACOSX_DEPLOYMENT_TARGET = 10.13;
				ONLY_ACTIVE_ARCH = YES;
				SDKROOT = macosx;
			};
			name = Debug;
		};
		1381E4D81824E7E800E815F5 /* Release */ = {
			isa = XCBuildConfiguration;
			baseConfigurationReference = EF4E72C5249ABAE00095B982 /* Config.xcconfig */;
			buildSettings = {
				ALWAYS_SEARCH_USER_PATHS = NO;
				CLANG_ANALYZER_LOCALIZABILITY_NONLOCALIZED = YES;
				CLANG_ENABLE_OBJC_ARC = YES;
				CLANG_WARN_BLOCK_CAPTURE_AUTORELEASING = YES;
				CLANG_WARN_BOOL_CONVERSION = YES;
				CLANG_WARN_COMMA = YES;
				CLANG_WARN_CONSTANT_CONVERSION = YES;
				CLANG_WARN_DEPRECATED_OBJC_IMPLEMENTATIONS = YES;
				CLANG_WARN_DIRECT_OBJC_ISA_USAGE = YES_ERROR;
				CLANG_WARN_EMPTY_BODY = YES;
				CLANG_WARN_ENUM_CONVERSION = YES;
				CLANG_WARN_INFINITE_RECURSION = YES;
				CLANG_WARN_INT_CONVERSION = YES;
				CLANG_WARN_NON_LITERAL_NULL_CONVERSION = YES;
				CLANG_WARN_OBJC_IMPLICIT_RETAIN_SELF = YES;
				CLANG_WARN_OBJC_LITERAL_CONVERSION = YES;
				CLANG_WARN_OBJC_ROOT_CLASS = YES_ERROR;
				CLANG_WARN_QUOTED_INCLUDE_IN_FRAMEWORK_HEADER = YES;
				CLANG_WARN_RANGE_LOOP_ANALYSIS = YES;
				CLANG_WARN_STRICT_PROTOTYPES = YES;
				CLANG_WARN_SUSPICIOUS_MOVE = YES;
				CLANG_WARN_UNREACHABLE_CODE = YES;
				CLANG_WARN__DUPLICATE_METHOD_MATCH = YES;
				COPY_PHASE_STRIP = YES;
				DEBUG_INFORMATION_FORMAT = "dwarf-with-dsym";
				ENABLE_NS_ASSERTIONS = NO;
				ENABLE_STRICT_OBJC_MSGSEND = YES;
				GCC_ENABLE_OBJC_EXCEPTIONS = YES;
				GCC_NO_COMMON_BLOCKS = YES;
				GCC_OPTIMIZATION_LEVEL = s;
				GCC_PREPROCESSOR_DEFINITIONS = "NDEBUG=1";
				GCC_WARN_64_TO_32_BIT_CONVERSION = YES;
				GCC_WARN_ABOUT_RETURN_TYPE = YES_ERROR;
				GCC_WARN_UNDECLARED_SELECTOR = YES;
				GCC_WARN_UNINITIALIZED_AUTOS = YES;
				GCC_WARN_UNUSED_FUNCTION = YES;
				GCC_WARN_UNUSED_VARIABLE = YES;
				MACOSX_DEPLOYMENT_TARGET = 10.13;
				ONLY_ACTIVE_ARCH = NO;
				SDKROOT = macosx;
			};
			name = Release;
		};
		1381E4DA1824E7E800E815F5 /* Debug */ = {
			isa = XCBuildConfiguration;
			buildSettings = {
				ASSETCATALOG_COMPILER_APPICON_NAME = AppIcon;
				CODE_SIGN_ENTITLEMENTS = "$(PRODUCT)/$(PRODUCT).entitlements";
				CODE_SIGN_IDENTITY = "-";
				COMBINE_HIDPI_IMAGES = YES;
				DEVELOPMENT_TEAM = "";
				ENABLE_HARDENED_RUNTIME = NO;
				INFOPLIST_FILE = "$(PRODUCT)/Supporting Files/$(PRODUCT)-Info.plist";
				PRODUCT_BUNDLE_IDENTIFIER = "$(APP_BUNDLE)";
				PRODUCT_NAME = "$(PRODUCT)";
				PROVISIONING_PROFILE_SPECIFIER = "";
			};
			name = Debug;
		};
		1381E4DB1824E7E800E815F5 /* Release */ = {
			isa = XCBuildConfiguration;
			buildSettings = {
				ASSETCATALOG_COMPILER_APPICON_NAME = AppIcon;
				CODE_SIGN_ENTITLEMENTS = "$(PRODUCT)/$(PRODUCT).entitlements";
				CODE_SIGN_IDENTITY = "-";
				COMBINE_HIDPI_IMAGES = YES;
				DEVELOPMENT_TEAM = "";
				ENABLE_HARDENED_RUNTIME = NO;
				INFOPLIST_FILE = "$(PRODUCT)/Supporting Files/$(PRODUCT)-Info.plist";
				PRODUCT_BUNDLE_IDENTIFIER = "$(APP_BUNDLE)";
				PRODUCT_NAME = "$(PRODUCT)";
				PROVISIONING_PROFILE_SPECIFIER = "";
			};
			name = Release;
		};
		1381E4DD1824E7E800E815F5 /* Debug */ = {
			isa = XCBuildConfiguration;
			buildSettings = {
				BUNDLE_LOADER = "$(BUILT_PRODUCTS_DIR)/$(PRODUCT).app/Contents/MacOS/$(PRODUCT)";
				COMBINE_HIDPI_IMAGES = YES;
				FRAMEWORK_SEARCH_PATHS = (
					"$(inherited)",
					"$(DEVELOPER_FRAMEWORKS_DIR)",
				);
				INFOPLIST_FILE = "$(PRODUCT)Tests/Supporting Files/$(PRODUCT)Tests-Info.plist";
				PRODUCT_BUNDLE_IDENTIFIER = "$(APP_BUNDLE)Tests";
				PRODUCT_NAME = "$(PRODUCT)Tests";
				TEST_HOST = "$(BUNDLE_LOADER)";
				WRAPPER_EXTENSION = xctest;
			};
			name = Debug;
		};
		1381E4DE1824E7E800E815F5 /* Release */ = {
			isa = XCBuildConfiguration;
			buildSettings = {
				BUNDLE_LOADER = "$(BUILT_PRODUCTS_DIR)/$(PRODUCT).app/Contents/MacOS/$(PRODUCT)";
				COMBINE_HIDPI_IMAGES = YES;
				FRAMEWORK_SEARCH_PATHS = (
					"$(inherited)",
					"$(DEVELOPER_FRAMEWORKS_DIR)",
				);
				INFOPLIST_FILE = "$(PRODUCT)Tests/Supporting Files/$(PRODUCT)Tests-Info.plist";
				PRODUCT_BUNDLE_IDENTIFIER = "$(APP_BUNDLE)Tests";
				PRODUCT_NAME = "$(PRODUCT)Tests";
				TEST_HOST = "$(BUNDLE_LOADER)";
				WRAPPER_EXTENSION = xctest;
			};
			name = Release;
		};
/* End XCBuildConfiguration section */

/* Begin XCConfigurationList section */
		1381E4A31824E7E800E815F5 /* Build configuration list for PBXProject "MacGesture" */ = {
			isa = XCConfigurationList;
			buildConfigurations = (
				1381E4D71824E7E800E815F5 /* Debug */,
				1381E4D81824E7E800E815F5 /* Release */,
			);
			defaultConfigurationIsVisible = 0;
			defaultConfigurationName = Release;
		};
		1381E4D91824E7E800E815F5 /* Build configuration list for PBXNativeTarget "MacGesture" */ = {
			isa = XCConfigurationList;
			buildConfigurations = (
				1381E4DA1824E7E800E815F5 /* Debug */,
				1381E4DB1824E7E800E815F5 /* Release */,
			);
			defaultConfigurationIsVisible = 0;
			defaultConfigurationName = Release;
		};
		1381E4DC1824E7E800E815F5 /* Build configuration list for PBXNativeTarget "MacGestureTests" */ = {
			isa = XCConfigurationList;
			buildConfigurations = (
				1381E4DD1824E7E800E815F5 /* Debug */,
				1381E4DE1824E7E800E815F5 /* Release */,
			);
			defaultConfigurationIsVisible = 0;
			defaultConfigurationName = Release;
		};
/* End XCConfigurationList section */
	};
	rootObject = 1381E4A01824E7E800E815F5 /* Project object */;
}
